<?xml version="1.0" encoding="utf-8"?>
<Project ToolsVersion="4.0" xmlns="http://schemas.microsoft.com/developer/msbuild/2003">
  <ItemGroup>
    <ClCompile Include="Main.cpp" />
    <ClCompile Include="Source\Utils\File\File.cpp">
      <Filter>Source\Utils\File</Filter>
    </ClCompile>
    <ClCompile Include="Source\Utils\Text\Text.cpp">
      <Filter>Source\Utils\Text</Filter>
    </ClCompile>
    <ClCompile Include="Source\Utils\Text\Encoding\Unicode\Unicode.cpp">
      <Filter>Source\Utils\Text\Encoding\Unicode</Filter>
    </ClCompile>
    <ClCompile Include="Source\Utils\Text\Encoding\UTF8\UTF8.cpp">
      <Filter>Source\Utils\Text\Encoding\UTF8</Filter>
    </ClCompile>
    <ClCompile Include="Source\Utils\Text\Encoding\Wstring\Wstring.cpp">
      <Filter>Source\Utils\Text\Encoding\Wstring</Filter>
    </ClCompile>
    <ClCompile Include="Source\Utils\OpenGL\PBO\PBO.cpp">
      <Filter>Source\Utils\OpenGL\PBO</Filter>
    </ClCompile>
    <ClCompile Include="Source\Utils\OpenGL\Framebuffer\Framebuffer.cpp">
      <Filter>Source\Utils\OpenGL\Framebuffer</Filter>
    </ClCompile>
    <ClCompile Include="Source\Utils\OpenGL\Texture\Texture.cpp">
      <Filter>Source\Utils\OpenGL\Texture</Filter>
    </ClCompile>
    <ClCompile Include="Source\Utils\OpenGL\Window\Window.cpp">
      <Filter>Source\Utils\OpenGL\Window</Filter>
    </ClCompile>
    <ClCompile Include="Source\Utils\OpenGL\Window\Manager\WindowManager.cpp">
      <Filter>Source\Utils\OpenGL\Window</Filter>
    </ClCompile>
    <ClCompile Include="Source\Utils\OpenGL\Renderbuffer\Renderbuffer.cpp">
      <Filter>Source\Utils\OpenGL\Renderbuffer</Filter>
    </ClCompile>
    <ClCompile Include="Source\Utils\ImGui\Utils.ImGui.cpp">
      <Filter>Source\Utils\ImGui</Filter>
    </ClCompile>
    <ClCompile Include="Source\Utils\Math\Math.Lerp.cpp">
      <Filter>Source\Utils\Math</Filter>
    </ClCompile>
    <ClCompile Include="Source\Utils\Keyboard\Keyboard.cpp">
      <Filter>Source\Utils\Keyboard</Filter>
    </ClCompile>
    <ClCompile Include="Source\Utils\Time\Time.cpp">
      <Filter>Source\Utils\Time</Filter>
    </ClCompile>
    <ClCompile Include="Source\Utils\Timer\Timer.cpp">
      <Filter>Source\Utils\Timer</Filter>
    </ClCompile>
    <ClCompile Include="Source\Utils\Timer\Timer.Framerate.cpp">
      <Filter>Source\Utils\Timer</Filter>
    </ClCompile>
    <ClCompile Include="Source\Utils\Values\Values.cpp">
      <Filter>Source\Utils\Values</Filter>
    </ClCompile>
    <ClCompile Include="Source\ThirdParty\ImGui\imgui.cpp">
      <Filter>Source\ThirdParty\ImGui</Filter>
    </ClCompile>
    <ClCompile Include="Source\ThirdParty\ImGui\imgui_demo.cpp">
      <Filter>Source\ThirdParty\ImGui</Filter>
    </ClCompile>
    <ClCompile Include="Source\ThirdParty\ImGui\imgui_draw.cpp">
      <Filter>Source\ThirdParty\ImGui</Filter>
    </ClCompile>
    <ClCompile Include="Source\ThirdParty\ImGui\imgui_impl_glfw.cpp">
      <Filter>Source\ThirdParty\ImGui</Filter>
    </ClCompile>
    <ClCompile Include="Source\ThirdParty\ImGui\imgui_impl_opengl3.cpp">
      <Filter>Source\ThirdParty\ImGui</Filter>
    </ClCompile>
    <ClCompile Include="Source\ThirdParty\ImGui\imgui_tables.cpp">
      <Filter>Source\ThirdParty\ImGui</Filter>
    </ClCompile>
    <ClCompile Include="Source\ThirdParty\ImGui\imgui_widgets.cpp">
      <Filter>Source\ThirdParty\ImGui</Filter>
    </ClCompile>
    <ClCompile Include="Source\ThirdParty\LodePNG\lodepng.cpp">
      <Filter>Source\ThirdParty\LodePNG</Filter>
    </ClCompile>
    <ClCompile Include="Source\Core\SaveSystem\SaveSystem.cpp">
      <Filter>Source\Core\SaveSystem</Filter>
    </ClCompile>
    <ClCompile Include="Source\Core\SaveSystem\SaveSystemManager.cpp">
      <Filter>Source\Core\SaveSystem</Filter>
    </ClCompile>
    <ClCompile Include="Source\Core\Setting\Setting.cpp">
      <Filter>Source\Core\Setting</Filter>
    </ClCompile>
    <ClCompile Include="Source\Core\Setting\interfaces\ISettingDrawable.cpp">
      <Filter>Source\Core\Setting\interfaces</Filter>
    </ClCompile>
    <ClCompile Include="Source\Core\Setting\interfaces\ISettingObject.cpp">
      <Filter>Source\Core\Setting\interfaces</Filter>
    </ClCompile>
    <ClCompile Include="Source\Core\Setting\interfaces\ISettingSavable.cpp">
      <Filter>Source\Core\Setting\interfaces</Filter>
    </ClCompile>
    <ClCompile Include="Source\Core\Theme\BaseColors\BaseColors.cpp">
      <Filter>Source\Core\Theme\BaseColors</Filter>
    </ClCompile>
    <ClCompile Include="Source\Core\Theme\interface\IThemeLoadable.cpp">
      <Filter>Source\Core\Theme\interface</Filter>
    </ClCompile>
    <ClCompile Include="Source\Core\Theme\ThemeManager\ThemeManager.cpp">
      <Filter>Source\Core\Theme\ThemeManager</Filter>
    </ClCompile>
    <ClCompile Include="Source\Application\Application.cpp">
      <Filter>Source\Application</Filter>
    </ClCompile>
    <ClCompile Include="Source\Core\FontManager\FontManager.cpp">
      <Filter>Source\Core\FontManager</Filter>
    </ClCompile>
    <ClCompile Include="Source\Data\Fonts\IconsFont.cpp">
      <Filter>Source\Data\Font</Filter>
    </ClCompile>
    <ClCompile Include="Source\Data\Fonts\MainFont.cpp">
      <Filter>Source\Data\Font</Filter>
    </ClCompile>
    <ClCompile Include="Source\Data\Images\Image_LogoApplicationArrayPngBytes.cpp">
      <Filter>Source\Data\Images</Filter>
    </ClCompile>
    <ClCompile Include="Source\Data\Images\Image_MSDF_ATLAS.cpp">
      <Filter>Source\Data\Images</Filter>
    </ClCompile>
    <ClCompile Include="Source\Data\Images\Image_MSDF_DESIGN_8080.cpp">
      <Filter>Source\Data\Images</Filter>
    </ClCompile>
    <ClCompile Include="Source\Data\Images\Image_MSDF_DESIGN_seedLBI_production.cpp">
      <Filter>Source\Data\Images</Filter>
    </ClCompile>
    <ClCompile Include="Source\Data\Images\AuthorPicture\Image.Author.Backend.cpp">
      <Filter>Source\Data\Images\Author</Filter>
    </ClCompile>
    <ClCompile Include="Source\Data\Images\AuthorPicture\Image.Author.Close.cpp">
      <Filter>Source\Data\Images\Author</Filter>
    </ClCompile>
    <ClCompile Include="Source\Data\Images\AuthorPicture\Image.Author.EyeTransparent.cpp">
      <Filter>Source\Data\Images\Author</Filter>
    </ClCompile>
    <ClCompile Include="Source\Data\Images\AuthorPicture\Image.Author.Front.cpp">
      <Filter>Source\Data\Images\Author</Filter>
    </ClCompile>
    <ClCompile Include="Source\Data\Images\AuthorPicture\Image.Author.LeftEye.cpp">
      <Filter>Source\Data\Images\Author</Filter>
    </ClCompile>
    <ClCompile Include="Source\Data\Images\AuthorPicture\Image.Author.RightEye.cpp">
      <Filter>Source\Data\Images\Author</Filter>
    </ClCompile>
    <ClCompile Include="Source\GUI\MainMenuBar\MainMenuBar.cpp">
      <Filter>Source\GUI\MainMenuBar</Filter>
    </ClCompile>
    <ClCompile Include="Source\Core\Widget\I8080.Widget.cpp">
      <Filter>Source\Core\Widget</Filter>
    </ClCompile>
    <ClCompile Include="Source\Core\Widget\I8080.WidgetManager.cpp">
      <Filter>Source\Core\Widget</Filter>
    </ClCompile>
  </ItemGroup>
  <ItemGroup>
    <Filter Include="Source">
      <UniqueIdentifier>{53946465-982c-4867-8356-825b11670170}</UniqueIdentifier>
    </Filter>
    <Filter Include="Source\DataStructures">
      <UniqueIdentifier>{fcc98703-d005-4b28-b010-7179b8432b12}</UniqueIdentifier>
    </Filter>
    <Filter Include="Source\Application">
      <UniqueIdentifier>{7838d8b1-83f2-46ec-ae29-2e22b307ffb7}</UniqueIdentifier>
    </Filter>
    <Filter Include="Source\Data">
      <UniqueIdentifier>{362ceefb-993f-45e0-be5d-69d513b62351}</UniqueIdentifier>
    </Filter>
    <Filter Include="Source\Data\Images">
      <UniqueIdentifier>{bcad73a7-3455-4524-bbf8-0acdb393e1f1}</UniqueIdentifier>
    </Filter>
    <Filter Include="Source\Data\Font">
      <UniqueIdentifier>{ba6fe630-89c8-4a39-ba31-d1f2ba086ca6}</UniqueIdentifier>
    </Filter>
    <Filter Include="Source\Data\Images\Author">
      <UniqueIdentifier>{c54fb7fd-7e19-4448-a2cb-9021a2ce5005}</UniqueIdentifier>
    </Filter>
    <Filter Include="Source\Core">
      <UniqueIdentifier>{613d352f-7e24-492f-a165-6d8a058c8e22}</UniqueIdentifier>
    </Filter>
    <Filter Include="Source\Core\Emulator">
      <UniqueIdentifier>{a4e15ca5-1833-4ef6-bc15-7cfbfb66b998}</UniqueIdentifier>
    </Filter>
    <Filter Include="Source\Core\Emulator\Compiler">
      <UniqueIdentifier>{8b8381ce-a7e8-4fbb-9770-c17addcdfc18}</UniqueIdentifier>
    </Filter>
    <Filter Include="Source\Core\Emulator\EmulationControls">
      <UniqueIdentifier>{15d25d24-846b-49b5-b059-866337438e8b}</UniqueIdentifier>
    </Filter>
    <Filter Include="Source\Core\Emulator\EmulationThread">
      <UniqueIdentifier>{e8d4b77b-e903-45fb-806c-0416f8ddde9b}</UniqueIdentifier>
    </Filter>
    <Filter Include="Source\Core\Emulator\History">
      <UniqueIdentifier>{db6661b8-57a5-43d6-beeb-dba857b8f938}</UniqueIdentifier>
    </Filter>
    <Filter Include="Source\Core\Emulator\Port">
      <UniqueIdentifier>{a5305641-ee5d-41bc-87c4-196662f22518}</UniqueIdentifier>
    </Filter>
    <Filter Include="Source\Core\Emulator\Processor">
      <UniqueIdentifier>{faf7381f-1ab7-4d3a-81ec-29c0470ea00e}</UniqueIdentifier>
    </Filter>
    <Filter Include="Source\Core\Emulator\Processors">
      <UniqueIdentifier>{1502e513-5730-4799-86ef-99f2a5b692c4}</UniqueIdentifier>
    </Filter>
    <Filter Include="Source\Core\Emulator\Processors\Intel8080">
      <UniqueIdentifier>{f8d57ce1-17f9-4ba1-bfb7-e6d1136871ac}</UniqueIdentifier>
    </Filter>
    <Filter Include="Source\Core\Emulator\Processors\Intel8080\Compiler">
      <UniqueIdentifier>{d81cc126-fb0a-420b-acfd-cc759b004b5b}</UniqueIdentifier>
    </Filter>
    <Filter Include="Source\Core\Emulator\Processors\Intel8080\Disassembler">
      <UniqueIdentifier>{ddb41636-92e0-4fff-a1aa-9b97c5a0a78e}</UniqueIdentifier>
    </Filter>
    <Filter Include="Source\Core\Emulator\Processors\Intel8080\History">
      <UniqueIdentifier>{0b6a3ccf-bdad-4250-8c5e-cd9b14944863}</UniqueIdentifier>
    </Filter>
    <Filter Include="Source\Core\Emulator\Processors\Intel8080\History\Caretaker">
      <UniqueIdentifier>{de82fa3d-ae0f-4282-a492-84a0029725c8}</UniqueIdentifier>
    </Filter>
    <Filter Include="Source\Core\Emulator\Processors\Intel8080\History\Momento">
      <UniqueIdentifier>{b76dba13-65a6-4d36-9fd7-f1c39582eb00}</UniqueIdentifier>
    </Filter>
    <Filter Include="Source\Core\Emulator\Processors\Intel8080\InfoInstruction">
      <UniqueIdentifier>{26cb8775-c604-4163-8090-8b102966d7b7}</UniqueIdentifier>
    </Filter>
    <Filter Include="Source\Core\Emulator\Port\AsyncKeyboard">
      <UniqueIdentifier>{e75d036a-df96-4893-a16c-0b192131ce71}</UniqueIdentifier>
    </Filter>
    <Filter Include="Source\Core\Emulator\Port\AsyncKeyboard\Momento">
      <UniqueIdentifier>{ee99d8ee-e4f9-42a5-8ec6-0c1f9b19b008}</UniqueIdentifier>
    </Filter>
    <Filter Include="Source\Core\Emulator\Port\ConsoleOutput">
      <UniqueIdentifier>{3338bf61-a56e-49ee-a550-5f1490dfde5b}</UniqueIdentifier>
    </Filter>
    <Filter Include="Source\Core\Emulator\Port\ConsoleOutput\Momento">
      <UniqueIdentifier>{b193bc71-1538-4348-8b7b-bf99d8b8e40c}</UniqueIdentifier>
    </Filter>
    <Filter Include="Source\Core\Emulator\Port\GeneratorRandomValues">
      <UniqueIdentifier>{751b4421-336e-45bb-b71c-d6e53b35de85}</UniqueIdentifier>
    </Filter>
    <Filter Include="Source\Core\Emulator\Port\GeneratorRandomValues\Momento">
      <UniqueIdentifier>{f31a2e62-9287-4745-b944-8cbaa0556298}</UniqueIdentifier>
    </Filter>
    <Filter Include="Source\Core\Emulator\Port\PixelScreen">
      <UniqueIdentifier>{dd5c3ee9-0905-485d-92e2-99c28b95520b}</UniqueIdentifier>
    </Filter>
    <Filter Include="Source\Core\Emulator\Port\PixelScreen\Momento">
      <UniqueIdentifier>{3af708a3-2774-4dc8-9c0a-8a2a1741b4ea}</UniqueIdentifier>
    </Filter>
    <Filter Include="Source\Core\Emulator\Port\PixelScreenTwoBuffers">
      <UniqueIdentifier>{a401fed7-58fa-4c14-a2c5-dc47a723ed41}</UniqueIdentifier>
    </Filter>
    <Filter Include="Source\Core\Emulator\Port\PixelScreenTwoBuffers\Momento">
      <UniqueIdentifier>{d866fc2c-5780-4fb4-832e-879afcc9a406}</UniqueIdentifier>
    </Filter>
    <Filter Include="Source\Core\Emulator\Port\SymbolScreen">
      <UniqueIdentifier>{090e16ef-2c62-40d1-85aa-bb093dbda519}</UniqueIdentifier>
    </Filter>
    <Filter Include="Source\Core\Emulator\Port\SymbolScreen\Momento">
      <UniqueIdentifier>{1d4cf5a7-9bd8-4026-ab9c-73967decb64d}</UniqueIdentifier>
    </Filter>
    <Filter Include="Source\Core\Emulator\Port\Timer">
      <UniqueIdentifier>{94af9f15-022a-4d56-b9c3-7f92901a8ff2}</UniqueIdentifier>
    </Filter>
    <Filter Include="Source\Core\Emulator\Port\Timer\Momento">
      <UniqueIdentifier>{90408685-e813-4f16-96a6-a79060b53138}</UniqueIdentifier>
    </Filter>
    <Filter Include="Source\Core\Theme">
      <UniqueIdentifier>{86ee605c-c7d3-45fa-ab5f-b031cd1846db}</UniqueIdentifier>
    </Filter>
    <Filter Include="Source\Core\Theme\BaseColors">
      <UniqueIdentifier>{7717afda-545b-429b-8781-9722d7c07bdb}</UniqueIdentifier>
    </Filter>
    <Filter Include="Source\Core\Theme\interface">
      <UniqueIdentifier>{ded8a877-06ca-4821-b6bb-d27067f75b0e}</UniqueIdentifier>
    </Filter>
    <Filter Include="Source\Core\Theme\ThemeManager">
      <UniqueIdentifier>{0c7e44cd-f276-451b-8aa8-56aa91479828}</UniqueIdentifier>
    </Filter>
    <Filter Include="Source\Core\Setting">
      <UniqueIdentifier>{a208a89f-b2d6-490f-9a23-5bf35cbe14c0}</UniqueIdentifier>
    </Filter>
    <Filter Include="Source\Core\Widget">
      <UniqueIdentifier>{d5c48f4c-65e9-49f9-b8ca-22554122d0b4}</UniqueIdentifier>
    </Filter>
    <Filter Include="Source\GUI">
      <UniqueIdentifier>{d22f5e67-c3cf-43b5-9421-5df060d0776c}</UniqueIdentifier>
    </Filter>
    <Filter Include="Source\Core\SaveSystem">
      <UniqueIdentifier>{746a0d06-ce9d-4df9-8679-a2aadb89448d}</UniqueIdentifier>
    </Filter>
    <Filter Include="Source\Core\Setting\interfaces">
      <UniqueIdentifier>{e2962d8d-1da9-42a4-ba26-6ef64cf0a118}</UniqueIdentifier>
    </Filter>
    <Filter Include="Source\Core\FontManager">
      <UniqueIdentifier>{b17b838f-40b5-4c34-9fc3-e2a85a4b44b1}</UniqueIdentifier>
    </Filter>
    <Filter Include="Source\Core\IntroManager">
      <UniqueIdentifier>{18434dfd-7cd0-407d-88a8-603de4c68a39}</UniqueIdentifier>
    </Filter>
    <Filter Include="Source\Core\LastPathManager">
      <UniqueIdentifier>{c288b502-c01a-49d4-9201-45aff9e90247}</UniqueIdentifier>
    </Filter>
    <Filter Include="Source\Core\ProjectManager">
      <UniqueIdentifier>{c710c4f8-4768-4b7b-8406-26bfa06dffb2}</UniqueIdentifier>
    </Filter>
    <Filter Include="Source\Core\KeyCombination">
      <UniqueIdentifier>{539ae466-2f26-4130-9d70-6020cca411a7}</UniqueIdentifier>
    </Filter>
    <Filter Include="Source\Core\WindowManager">
      <UniqueIdentifier>{00723e52-392a-42bf-abbc-0465436ffb8c}</UniqueIdentifier>
    </Filter>
    <Filter Include="Source\Core\Workspace">
      <UniqueIdentifier>{d908696d-287b-4609-90d9-a64ffc6a0750}</UniqueIdentifier>
    </Filter>
    <Filter Include="Source\GUI\MainMenuBar">
      <UniqueIdentifier>{50f7c061-fc23-45d1-ba9a-8f5bbd4f1e9d}</UniqueIdentifier>
    </Filter>
    <Filter Include="Source\Utils">
      <UniqueIdentifier>{d7d882bc-236d-40d9-92ff-f91402c76707}</UniqueIdentifier>
    </Filter>
    <Filter Include="Source\Utils\OpenGL">
      <UniqueIdentifier>{42cfe78c-2e2e-49e7-9e5f-38fd073a4116}</UniqueIdentifier>
    </Filter>
    <Filter Include="Source\Utils\OpenGL\PBO">
      <UniqueIdentifier>{065b8a5b-7cd5-495d-b17b-892f13663191}</UniqueIdentifier>
    </Filter>
    <Filter Include="Source\Utils\OpenGL\Framebuffer">
      <UniqueIdentifier>{657efc97-b340-4312-8757-1a94724504bb}</UniqueIdentifier>
    </Filter>
    <Filter Include="Source\Utils\File">
      <UniqueIdentifier>{b5c2e983-2da6-49e3-b439-1fef07dbf644}</UniqueIdentifier>
    </Filter>
    <Filter Include="Source\Utils\Text">
      <UniqueIdentifier>{c565f6cf-1905-4b69-abdf-eafa135c1d89}</UniqueIdentifier>
    </Filter>
    <Filter Include="Source\Utils\Text\Encoding">
      <UniqueIdentifier>{1b9296b1-0921-4bcf-bfd7-afcc6bcc4daa}</UniqueIdentifier>
    </Filter>
    <Filter Include="Source\Utils\Text\Encoding\Unicode">
      <UniqueIdentifier>{359b7f4a-9df5-4ebb-95be-731020760402}</UniqueIdentifier>
    </Filter>
    <Filter Include="Source\Utils\Text\Encoding\UTF8">
      <UniqueIdentifier>{6248aa5d-f70d-42b5-b84f-4073d1eeb982}</UniqueIdentifier>
    </Filter>
    <Filter Include="Source\Utils\Text\Encoding\Wstring">
      <UniqueIdentifier>{6cadb6d9-65de-4f25-ac22-330f408d0475}</UniqueIdentifier>
    </Filter>
    <Filter Include="Source\Utils\OpenGL\Texture">
      <UniqueIdentifier>{95dbe07c-cf88-47e2-a23e-42f121f23244}</UniqueIdentifier>
    </Filter>
    <Filter Include="Source\Utils\OpenGL\Window">
      <UniqueIdentifier>{7cc4215e-7e13-442c-9b75-2e86d695b63e}</UniqueIdentifier>
    </Filter>
    <Filter Include="Source\Utils\OpenGL\Renderbuffer">
      <UniqueIdentifier>{fb8372f5-618f-4f08-aee5-f9e441407351}</UniqueIdentifier>
    </Filter>
    <Filter Include="Source\Utils\OpenGL\Shader">
      <UniqueIdentifier>{f76db6f9-aebb-4543-9155-35b60d5c06cf}</UniqueIdentifier>
    </Filter>
    <Filter Include="Source\Utils\ImGui">
      <UniqueIdentifier>{34ea52a3-bbc8-4548-8221-c29dfd48eca1}</UniqueIdentifier>
    </Filter>
    <Filter Include="Source\Utils\Math">
      <UniqueIdentifier>{11bb4a3d-70ef-40b9-aab8-c83341bf8fb6}</UniqueIdentifier>
    </Filter>
    <Filter Include="Source\Utils\Keyboard">
      <UniqueIdentifier>{a6f7eccf-45ee-42af-8535-94a2eb6ee636}</UniqueIdentifier>
    </Filter>
    <Filter Include="Source\Utils\Time">
      <UniqueIdentifier>{dcc84001-609d-424c-aefa-7826ac7a1b66}</UniqueIdentifier>
    </Filter>
    <Filter Include="Source\Utils\Timer">
      <UniqueIdentifier>{81dca5a9-c4a5-4e87-afd9-8412b3b6f474}</UniqueIdentifier>
    </Filter>
    <Filter Include="Source\Utils\Values">
      <UniqueIdentifier>{f53c1c62-f07d-45a2-a0ec-cabc26ccd4f3}</UniqueIdentifier>
    </Filter>
    <Filter Include="Source\ThirdParty">
      <UniqueIdentifier>{65b2abcb-77b0-48e5-b108-49e66a9ea992}</UniqueIdentifier>
    </Filter>
    <Filter Include="Source\ThirdParty\IconFontCppHeaders">
      <UniqueIdentifier>{de82084b-91dd-43b4-b89d-39fd9ee3c5aa}</UniqueIdentifier>
    </Filter>
    <Filter Include="Source\ThirdParty\ImGui">
      <UniqueIdentifier>{f2a34a6a-b77d-4e1d-aeec-e342a04a4176}</UniqueIdentifier>
    </Filter>
    <Filter Include="Source\ThirdParty\LodePNG">
      <UniqueIdentifier>{e3e5fb47-c91b-4a5d-8ba5-8692166b948d}</UniqueIdentifier>
    </Filter>
  </ItemGroup>
  <ItemGroup>
    <ClInclude Include="Source\Utils\File\File.h">
      <Filter>Source\Utils\File</Filter>
    </ClInclude>
    <ClInclude Include="Source\Utils\Text\Text.h">
      <Filter>Source\Utils\Text</Filter>
    </ClInclude>
    <ClInclude Include="Source\Utils\Text\Encoding\Unicode\Unicode.h">
      <Filter>Source\Utils\Text\Encoding\Unicode</Filter>
    </ClInclude>
    <ClInclude Include="Source\Utils\Text\Encoding\UTF8\UTF8.h">
      <Filter>Source\Utils\Text\Encoding\UTF8</Filter>
    </ClInclude>
    <ClInclude Include="Source\Utils\Text\Encoding\Wstring\Wstring.h">
      <Filter>Source\Utils\Text\Encoding\Wstring</Filter>
    </ClInclude>
    <ClInclude Include="Source\Utils\OpenGL\PBO\PBO.h">
      <Filter>Source\Utils\OpenGL\PBO</Filter>
    </ClInclude>
    <ClInclude Include="Source\Utils\OpenGL\Framebuffer\Framebuffer.h">
      <Filter>Source\Utils\OpenGL\Framebuffer</Filter>
    </ClInclude>
    <ClInclude Include="Source\Utils\OpenGL\Texture\Texture.h">
      <Filter>Source\Utils\OpenGL\Texture</Filter>
    </ClInclude>
    <ClInclude Include="Source\Utils\OpenGL\Window\Window.h">
      <Filter>Source\Utils\OpenGL\Window</Filter>
    </ClInclude>
    <ClInclude Include="Source\Utils\OpenGL\Window\Manager\WindowManager.h">
      <Filter>Source\Utils\OpenGL\Window</Filter>
    </ClInclude>
    <ClInclude Include="Source\Utils\OpenGL\Renderbuffer\Renderbuffer.h">
      <Filter>Source\Utils\OpenGL\Renderbuffer</Filter>
    </ClInclude>
    <ClInclude Include="Source\Utils\OpenGL\Shader\Shader.h">
      <Filter>Source\Utils\OpenGL\Shader</Filter>
    </ClInclude>
    <ClInclude Include="Source\Utils\ImGui\Utils.ImGui.h">
      <Filter>Source\Utils\ImGui</Filter>
    </ClInclude>
    <ClInclude Include="Source\Utils\Math\Math.Lerp.h">
      <Filter>Source\Utils\Math</Filter>
    </ClInclude>
    <ClInclude Include="Source\Utils\Keyboard\Keyboard.h">
      <Filter>Source\Utils\Keyboard</Filter>
    </ClInclude>
    <ClInclude Include="Source\Utils\Time\Time.h">
      <Filter>Source\Utils\Time</Filter>
    </ClInclude>
    <ClInclude Include="Source\Utils\Timer\Timer.Framerate.h">
      <Filter>Source\Utils\Timer</Filter>
    </ClInclude>
    <ClInclude Include="Source\Utils\Timer\Timer.h">
      <Filter>Source\Utils\Timer</Filter>
    </ClInclude>
    <ClInclude Include="Source\Utils\Values\Values.h">
      <Filter>Source\Utils\Values</Filter>
    </ClInclude>
    <ClInclude Include="Source\ThirdParty\IconFontCppHeaders\IconsFontAwesome6.h">
      <Filter>Source\ThirdParty\IconFontCppHeaders</Filter>
    </ClInclude>
    <ClInclude Include="Source\ThirdParty\ImGui\imconfig.h">
      <Filter>Source\ThirdParty\ImGui</Filter>
    </ClInclude>
    <ClInclude Include="Source\ThirdParty\ImGui\imgui.h">
      <Filter>Source\ThirdParty\ImGui</Filter>
    </ClInclude>
    <ClInclude Include="Source\ThirdParty\ImGui\imgui_impl_glfw.h">
      <Filter>Source\ThirdParty\ImGui</Filter>
    </ClInclude>
    <ClInclude Include="Source\ThirdParty\ImGui\imgui_impl_opengl3.h">
      <Filter>Source\ThirdParty\ImGui</Filter>
    </ClInclude>
    <ClInclude Include="Source\ThirdParty\ImGui\imgui_impl_opengl3_loader.h">
      <Filter>Source\ThirdParty\ImGui</Filter>
    </ClInclude>
    <ClInclude Include="Source\ThirdParty\ImGui\imgui_internal.h">
      <Filter>Source\ThirdParty\ImGui</Filter>
    </ClInclude>
    <ClInclude Include="Source\ThirdParty\ImGui\imgui_markdown.h">
      <Filter>Source\ThirdParty\ImGui</Filter>
    </ClInclude>
    <ClInclude Include="Source\ThirdParty\ImGui\imgui_memory_editor.h">
      <Filter>Source\ThirdParty\ImGui</Filter>
    </ClInclude>
    <ClInclude Include="Source\ThirdParty\ImGui\imstb_rectpack.h">
      <Filter>Source\ThirdParty\ImGui</Filter>
    </ClInclude>
    <ClInclude Include="Source\ThirdParty\ImGui\imstb_textedit.h">
      <Filter>Source\ThirdParty\ImGui</Filter>
    </ClInclude>
    <ClInclude Include="Source\ThirdParty\ImGui\imstb_truetype.h">
      <Filter>Source\ThirdParty\ImGui</Filter>
    </ClInclude>
    <ClInclude Include="Source\ThirdParty\LodePNG\lodepng.h">
      <Filter>Source\ThirdParty\LodePNG</Filter>
    </ClInclude>
    <ClInclude Include="Source\ThirdParty\snappy.h">
      <Filter>Source\ThirdParty</Filter>
    </ClInclude>
    <ClInclude Include="Source\Core\SaveSystem\SaveSystem.h">
      <Filter>Source\Core\SaveSystem</Filter>
    </ClInclude>
    <ClInclude Include="Source\Core\SaveSystem\SaveSystemManager.h">
      <Filter>Source\Core\SaveSystem</Filter>
    </ClInclude>
    <ClInclude Include="Source\Core\Setting\Setting.h">
      <Filter>Source\Core\Setting</Filter>
    </ClInclude>
    <ClInclude Include="Source\Core\Setting\interfaces\ISettingDrawable.h">
      <Filter>Source\Core\Setting\interfaces</Filter>
    </ClInclude>
    <ClInclude Include="Source\Core\Setting\interfaces\ISettingObject.h">
      <Filter>Source\Core\Setting\interfaces</Filter>
    </ClInclude>
    <ClInclude Include="Source\Core\Setting\interfaces\ISettingSavable.h">
      <Filter>Source\Core\Setting\interfaces</Filter>
    </ClInclude>
    <ClInclude Include="Source\Core\Theme\Theme.h">
      <Filter>Source\Core\Theme</Filter>
    </ClInclude>
    <ClInclude Include="Source\Core\Theme\BaseColors\BaseColors.h">
      <Filter>Source\Core\Theme\BaseColors</Filter>
    </ClInclude>
    <ClInclude Include="Source\Core\Theme\interface\IThemeLoadable.h">
      <Filter>Source\Core\Theme\interface</Filter>
    </ClInclude>
    <ClInclude Include="Source\Core\Theme\ThemeManager\ThemeManager.h">
      <Filter>Source\Core\Theme\ThemeManager</Filter>
    </ClInclude>
    <ClInclude Include="Source\Application\Application.h">
      <Filter>Source\Application</Filter>
    </ClInclude>
    <ClInclude Include="Source\Core\FontManager\FontManager.h">
      <Filter>Source\Core\FontManager</Filter>
    </ClInclude>
    <ClInclude Include="Source\Data\Fonts\IconsFont.h">
      <Filter>Source\Data\Font</Filter>
    </ClInclude>
    <ClInclude Include="Source\Data\Fonts\MainFont.h">
      <Filter>Source\Data\Font</Filter>
    </ClInclude>
    <ClInclude Include="Source\Data\Images\Image_LogoApplicationArrayPngBytes.h">
      <Filter>Source\Data\Images</Filter>
    </ClInclude>
    <ClInclude Include="Source\Data\Images\Image_MSDF_ATLAS.h">
      <Filter>Source\Data\Images</Filter>
    </ClInclude>
    <ClInclude Include="Source\Data\Images\Image_MSDF_DESIGN_8080.h">
      <Filter>Source\Data\Images</Filter>
    </ClInclude>
    <ClInclude Include="Source\Data\Images\Image_MSDF_DESIGN_seedLBI_production.h">
      <Filter>Source\Data\Images</Filter>
    </ClInclude>
    <ClInclude Include="Source\Data\Images\AuthorPicture\Image.Author.Backend.h">
      <Filter>Source\Data\Images\Author</Filter>
    </ClInclude>
    <ClInclude Include="Source\Data\Images\AuthorPicture\Image.Author.Close.h">
      <Filter>Source\Data\Images\Author</Filter>
    </ClInclude>
    <ClInclude Include="Source\Data\Images\AuthorPicture\Image.Author.EyeTransparent.h">
      <Filter>Source\Data\Images\Author</Filter>
    </ClInclude>
    <ClInclude Include="Source\Data\Images\AuthorPicture\Image.Author.Front.h">
      <Filter>Source\Data\Images\Author</Filter>
    </ClInclude>
    <ClInclude Include="Source\Data\Images\AuthorPicture\Image.Author.LeftEye.h">
      <Filter>Source\Data\Images\Author</Filter>
    </ClInclude>
    <ClInclude Include="Source\Data\Images\AuthorPicture\Image.Author.RightEye.h">
      <Filter>Source\Data\Images\Author</Filter>
    </ClInclude>
    <ClInclude Include="Source\GUI\MainMenuBar\MainMenuBar.h">
      <Filter>Source\GUI\MainMenuBar</Filter>
    </ClInclude>
    <ClInclude Include="resource1.h" />
    <ClInclude Include="Source\Core\Widget\I8080.Widget.h">
      <Filter>Source\Core\Widget</Filter>
    </ClInclude>
    <ClInclude Include="Source\Core\Widget\I8080.WidgetManager.h">
      <Filter>Source\Core\Widget</Filter>
    </ClInclude>
  </ItemGroup>
  <ItemGroup>
    <ResourceCompile Include="I8080 Emulator.rc" />
  </ItemGroup>
  <ItemGroup>
    <Image Include="logo512_otd_icon512.ico" />
  </ItemGroup>
</Project>