<?xml version="1.0" encoding="utf-8"?>
<Project ToolsVersion="4.0" xmlns="http://schemas.microsoft.com/developer/msbuild/2003">
  <ItemGroup>
    <ClCompile Include="Main.cpp" />
    <ClCompile Include="Source\Utils\File\File.cpp">
      <Filter>Source\Utils\File</Filter>
    </ClCompile>
    <ClCompile Include="Source\Utils\Text\Text.cpp">
      <Filter>Source\Utils\Text</Filter>
    </ClCompile>
    <ClCompile Include="Source\Utils\Text\Encoding\Unicode\Unicode.cpp">
      <Filter>Source\Utils\Text\Encoding\Unicode</Filter>
    </ClCompile>
    <ClCompile Include="Source\Utils\Text\Encoding\UTF8\UTF8.cpp">
      <Filter>Source\Utils\Text\Encoding\UTF8</Filter>
    </ClCompile>
    <ClCompile Include="Source\Utils\Text\Encoding\Wstring\Wstring.cpp">
      <Filter>Source\Utils\Text\Encoding\Wstring</Filter>
    </ClCompile>
    <ClCompile Include="Source\Utils\OpenGL\PBO\PBO.cpp">
      <Filter>Source\Utils\OpenGL\PBO</Filter>
    </ClCompile>
    <ClCompile Include="Source\Utils\OpenGL\Framebuffer\Framebuffer.cpp">
      <Filter>Source\Utils\OpenGL\Framebuffer</Filter>
    </ClCompile>
    <ClCompile Include="Source\Utils\OpenGL\Texture\Texture.cpp">
      <Filter>Source\Utils\OpenGL\Texture</Filter>
    </ClCompile>
    <ClCompile Include="Source\Utils\OpenGL\Window\Window.cpp">
      <Filter>Source\Utils\OpenGL\Window</Filter>
    </ClCompile>
    <ClCompile Include="Source\Utils\OpenGL\Window\Manager\OpenGL.WindowManager.cpp">
      <Filter>Source\Utils\OpenGL\Window</Filter>
    </ClCompile>
    <ClCompile Include="Source\Utils\OpenGL\Renderbuffer\Renderbuffer.cpp">
      <Filter>Source\Utils\OpenGL\Renderbuffer</Filter>
    </ClCompile>
    <ClCompile Include="Source\Utils\ImGui\Utils.ImGui.cpp">
      <Filter>Source\Utils\ImGui</Filter>
    </ClCompile>
    <ClCompile Include="Source\Utils\Math\Math.Lerp.cpp">
      <Filter>Source\Utils\Math</Filter>
    </ClCompile>
    <ClCompile Include="Source\Utils\Keyboard\Keyboard.cpp">
      <Filter>Source\Utils\Keyboard</Filter>
    </ClCompile>
    <ClCompile Include="Source\Utils\Time\Time.cpp">
      <Filter>Source\Utils\Time</Filter>
    </ClCompile>
    <ClCompile Include="Source\Utils\Timer\Timer.cpp">
      <Filter>Source\Utils\Timer</Filter>
    </ClCompile>
    <ClCompile Include="Source\Utils\Timer\Timer.Framerate.cpp">
      <Filter>Source\Utils\Timer</Filter>
    </ClCompile>
    <ClCompile Include="Source\Utils\Values\Values.cpp">
      <Filter>Source\Utils\Values</Filter>
    </ClCompile>
    <ClCompile Include="Source\ThirdParty\ImGui\imgui.cpp">
      <Filter>Source\ThirdParty\ImGui</Filter>
    </ClCompile>
    <ClCompile Include="Source\ThirdParty\ImGui\imgui_demo.cpp">
      <Filter>Source\ThirdParty\ImGui</Filter>
    </ClCompile>
    <ClCompile Include="Source\ThirdParty\ImGui\imgui_draw.cpp">
      <Filter>Source\ThirdParty\ImGui</Filter>
    </ClCompile>
    <ClCompile Include="Source\ThirdParty\ImGui\imgui_impl_glfw.cpp">
      <Filter>Source\ThirdParty\ImGui</Filter>
    </ClCompile>
    <ClCompile Include="Source\ThirdParty\ImGui\imgui_impl_opengl3.cpp">
      <Filter>Source\ThirdParty\ImGui</Filter>
    </ClCompile>
    <ClCompile Include="Source\ThirdParty\ImGui\imgui_tables.cpp">
      <Filter>Source\ThirdParty\ImGui</Filter>
    </ClCompile>
    <ClCompile Include="Source\ThirdParty\ImGui\imgui_widgets.cpp">
      <Filter>Source\ThirdParty\ImGui</Filter>
    </ClCompile>
    <ClCompile Include="Source\ThirdParty\LodePNG\lodepng.cpp">
      <Filter>Source\ThirdParty\LodePNG</Filter>
    </ClCompile>
    <ClCompile Include="Source\Core\SaveSystem\SaveSystem.cpp">
      <Filter>Source\Core\SaveSystem</Filter>
    </ClCompile>
    <ClCompile Include="Source\Core\SaveSystem\SaveSystemManager.cpp">
      <Filter>Source\Core\SaveSystem</Filter>
    </ClCompile>
    <ClCompile Include="Source\Core\Setting\Setting.cpp">
      <Filter>Source\Core\Setting</Filter>
    </ClCompile>
    <ClCompile Include="Source\Core\Setting\interfaces\ISettingDrawable.cpp">
      <Filter>Source\Core\Setting\interfaces</Filter>
    </ClCompile>
    <ClCompile Include="Source\Core\Setting\interfaces\ISettingObject.cpp">
      <Filter>Source\Core\Setting\interfaces</Filter>
    </ClCompile>
    <ClCompile Include="Source\Core\Setting\interfaces\ISettingSavable.cpp">
      <Filter>Source\Core\Setting\interfaces</Filter>
    </ClCompile>
    <ClCompile Include="Source\Core\Theme\BaseColors\BaseColors.cpp">
      <Filter>Source\Core\Theme\BaseColors</Filter>
    </ClCompile>
    <ClCompile Include="Source\Core\Theme\interface\IThemeLoadable.cpp">
      <Filter>Source\Core\Theme\interface</Filter>
    </ClCompile>
    <ClCompile Include="Source\Core\Theme\ThemeManager\ThemeManager.cpp">
      <Filter>Source\Core\Theme\ThemeManager</Filter>
    </ClCompile>
    <ClCompile Include="Source\Application\Application.cpp">
      <Filter>Source\Application</Filter>
    </ClCompile>
    <ClCompile Include="Source\Core\FontManager\FontManager.cpp">
      <Filter>Source\Core\FontManager</Filter>
    </ClCompile>
    <ClCompile Include="Source\Data\Fonts\IconsFont.cpp">
      <Filter>Source\Data\Font</Filter>
    </ClCompile>
    <ClCompile Include="Source\Data\Fonts\MainFont.cpp">
      <Filter>Source\Data\Font</Filter>
    </ClCompile>
    <ClCompile Include="Source\Data\Images\Image_LogoApplicationArrayPngBytes.cpp">
      <Filter>Source\Data\Images</Filter>
    </ClCompile>
    <ClCompile Include="Source\Data\Images\Image_MSDF_ATLAS.cpp">
      <Filter>Source\Data\Images</Filter>
    </ClCompile>
    <ClCompile Include="Source\Data\Images\Image_MSDF_DESIGN_8080.cpp">
      <Filter>Source\Data\Images</Filter>
    </ClCompile>
    <ClCompile Include="Source\Data\Images\Image_MSDF_DESIGN_seedLBI_production.cpp">
      <Filter>Source\Data\Images</Filter>
    </ClCompile>
    <ClCompile Include="Source\Data\Images\AuthorPicture\Image.Author.Backend.cpp">
      <Filter>Source\Data\Images\Author</Filter>
    </ClCompile>
    <ClCompile Include="Source\Data\Images\AuthorPicture\Image.Author.Close.cpp">
      <Filter>Source\Data\Images\Author</Filter>
    </ClCompile>
    <ClCompile Include="Source\Data\Images\AuthorPicture\Image.Author.EyeTransparent.cpp">
      <Filter>Source\Data\Images\Author</Filter>
    </ClCompile>
    <ClCompile Include="Source\Data\Images\AuthorPicture\Image.Author.Front.cpp">
      <Filter>Source\Data\Images\Author</Filter>
    </ClCompile>
    <ClCompile Include="Source\Data\Images\AuthorPicture\Image.Author.LeftEye.cpp">
      <Filter>Source\Data\Images\Author</Filter>
    </ClCompile>
    <ClCompile Include="Source\Data\Images\AuthorPicture\Image.Author.RightEye.cpp">
      <Filter>Source\Data\Images\Author</Filter>
    </ClCompile>
    <ClCompile Include="Source\GUI\MainMenuBar\MainMenuBar.cpp">
      <Filter>Source\GUI\MainMenuBar</Filter>
    </ClCompile>
    <ClCompile Include="Source\Core\Widget\I8080.Widget.cpp">
      <Filter>Source\Core\Widget</Filter>
    </ClCompile>
    <ClCompile Include="Source\Core\Widget\I8080.WidgetManager.cpp">
      <Filter>Source\Core\Widget</Filter>
    </ClCompile>
    <ClCompile Include="Source\Core\Emulator\Compiler\Compiler.cpp">
      <Filter>Source\Core\Emulator\Compiler</Filter>
    </ClCompile>
    <ClCompile Include="Source\GUI\Notification\Notification.cpp">
      <Filter>Source\GUI\Notification</Filter>
    </ClCompile>
    <ClCompile Include="Source\GUI\Notification\Notification.Message.cpp">
      <Filter>Source\GUI\Notification</Filter>
    </ClCompile>
    <ClCompile Include="Source\GUI\Notification\Notification.Progress.cpp">
      <Filter>Source\GUI\Notification</Filter>
    </ClCompile>
    <ClCompile Include="Source\GUI\Notification\NotificationManager.cpp">
      <Filter>Source\GUI\Notification</Filter>
    </ClCompile>
    <ClCompile Include="Source\GUI\Notification\interface\Notification.Element.cpp">
      <Filter>Source\GUI\Notification\interface</Filter>
    </ClCompile>
    <ClCompile Include="Source\GUI\AuthorPopup\AuthorPopup.cpp">
      <Filter>Source\GUI\AuthorPopup</Filter>
    </ClCompile>
    <ClCompile Include="Source\GUI\HighlighterInstruction\Highlighter.cpp">
      <Filter>Source\GUI\HighlighterInstruction</Filter>
    </ClCompile>
    <ClCompile Include="Source\GUI\HighlighterInstruction\I8080\I8080.HighlighterInstruction.cpp">
      <Filter>Source\GUI\HighlighterInstruction\I8080</Filter>
    </ClCompile>
    <ClCompile Include="Source\GUI\Widgets\CodeEditor\TextEditor.cpp">
      <Filter>Source\GUI\Widgets\CodeEditor</Filter>
    </ClCompile>
    <ClCompile Include="Source\GUI\Widgets\CodeEditor\Widget.CodeEditor.cpp">
      <Filter>Source\GUI\Widgets\CodeEditor</Filter>
    </ClCompile>
    <ClCompile Include="Source\DataStructures\ModeProject.cpp">
      <Filter>Source\DataStructures</Filter>
    </ClCompile>
    <ClCompile Include="Source\DataStructures\RingBuffer.cpp">
      <Filter>Source\DataStructures</Filter>
    </ClCompile>
    <ClCompile Include="Source\DataStructures\TypesCommand.cpp">
      <Filter>Source\DataStructures</Filter>
    </ClCompile>
    <ClCompile Include="Source\DataStructures\TypeTranslatorError.cpp">
      <Filter>Source\DataStructures</Filter>
    </ClCompile>
    <ClCompile Include="Source\Core\Emulator\EmulationThread\EmulationThread.cpp">
      <Filter>Source\Core\Emulator\EmulationThread</Filter>
    </ClCompile>
    <ClCompile Include="Source\Core\Emulator\History\Caretaker.Momento.cpp">
      <Filter>Source\Core\Emulator\History</Filter>
    </ClCompile>
    <ClCompile Include="Source\Core\Emulator\History\Momento.cpp">
      <Filter>Source\Core\Emulator\History</Filter>
    </ClCompile>
    <ClCompile Include="Source\Core\Emulator\History\Originator.Momento.cpp">
      <Filter>Source\Core\Emulator\History</Filter>
    </ClCompile>
    <ClCompile Include="Source\Core\Emulator\Processor\Processor.cpp">
      <Filter>Source\Core\Emulator\Processor</Filter>
    </ClCompile>
    <ClCompile Include="Source\Core\Emulator\Processors\Intel8080\I8080.cpp">
      <Filter>Source\Core\Emulator\Processors\Intel8080</Filter>
    </ClCompile>
    <ClCompile Include="Source\Core\Emulator\Processors\Intel8080\InfoInstruction\InfoInstruction.Data.cpp">
      <Filter>Source\Core\Emulator\Processors\Intel8080\InfoInstruction</Filter>
    </ClCompile>
    <ClCompile Include="Source\Core\Emulator\Processors\Intel8080\InfoInstruction\InfoInstruction.Display.cpp">
      <Filter>Source\Core\Emulator\Processors\Intel8080\InfoInstruction</Filter>
    </ClCompile>
    <ClCompile Include="Source\Core\Emulator\Processors\Intel8080\InfoInstruction\InfoInstruction.Structures.cpp">
      <Filter>Source\Core\Emulator\Processors\Intel8080\InfoInstruction</Filter>
    </ClCompile>
    <ClCompile Include="Source\Core\Emulator\Port\AsyncKeyboard\Momento\AsyncKeyboard.Momento.cpp">
      <Filter>Source\Core\Emulator\Port\AsyncKeyboard\Momento</Filter>
    </ClCompile>
    <ClCompile Include="Source\Core\Emulator\Port\ConsoleOutput\Momento\ConsoleOutput.Momento.cpp">
      <Filter>Source\Core\Emulator\Port\ConsoleOutput\Momento</Filter>
    </ClCompile>
    <ClCompile Include="Source\Core\Emulator\Port\GeneratorRandomValues\Momento\GeneratorRandomValues.Momento.cpp">
      <Filter>Source\Core\Emulator\Port\GeneratorRandomValues\Momento</Filter>
    </ClCompile>
    <ClCompile Include="Source\Core\Emulator\Port\PixelScreen\Momento\PixelScreen.Momento.cpp">
      <Filter>Source\Core\Emulator\Port\PixelScreen\Momento</Filter>
    </ClCompile>
    <ClCompile Include="Source\Core\Emulator\Port\PixelScreenTwoBuffers\Momento\PixelScreenTwoBuffers.Momento.cpp">
      <Filter>Source\Core\Emulator\Port\PixelScreenTwoBuffers\Momento</Filter>
    </ClCompile>
    <ClCompile Include="Source\Core\Emulator\Port\SymbolScreen\Momento\SymbolScreen.Momento.cpp">
      <Filter>Source\Core\Emulator\Port\SymbolScreen\Momento</Filter>
    </ClCompile>
    <ClCompile Include="Source\Core\Emulator\Port\Timer\Momento\Timer.Momento.cpp">
      <Filter>Source\Core\Emulator\Port\Timer\Momento</Filter>
    </ClCompile>
    <ClCompile Include="Source\Core\Emulator\Processors\Intel8080\Compiler\I8080.Compiler.cpp">
      <Filter>Source\Core\Emulator\Processors\Intel8080\Compiler</Filter>
    </ClCompile>
    <ClCompile Include="Source\Core\Emulator\Processors\Intel8080\Disassembler\I8080.Disassembler.cpp">
      <Filter>Source\Core\Emulator\Processors\Intel8080\Disassembler</Filter>
    </ClCompile>
    <ClCompile Include="Source\Core\Emulator\Processors\Intel8080\History\Caretaker\I8080.Caretaker.Momento.cpp">
      <Filter>Source\Core\Emulator\Processors\Intel8080\History\Caretaker</Filter>
    </ClCompile>
    <ClCompile Include="Source\Core\Emulator\Processors\Intel8080\History\Momento\I8080.Momento.cpp">
      <Filter>Source\Core\Emulator\Processors\Intel8080\History\Momento</Filter>
    </ClCompile>
    <ClCompile Include="Source\Core\Emulator\Port\Port.cpp">
      <Filter>Source\Core\Emulator\Port</Filter>
    </ClCompile>
    <ClCompile Include="Source\Core\Emulator\Port\AsyncKeyboard\AsyncKeyboard.Port.cpp">
      <Filter>Source\Core\Emulator\Port\AsyncKeyboard</Filter>
    </ClCompile>
    <ClCompile Include="Source\Core\Emulator\Port\ConsoleOutput\ConsoleOutput.Port.cpp">
      <Filter>Source\Core\Emulator\Port\ConsoleOutput</Filter>
    </ClCompile>
    <ClCompile Include="Source\Core\Emulator\Port\GeneratorRandomValues\GeneratorRandomValues.Port.cpp">
      <Filter>Source\Core\Emulator\Port\GeneratorRandomValues</Filter>
    </ClCompile>
    <ClCompile Include="Source\Core\Emulator\Port\PixelScreen\PixelScreen.Port.cpp">
      <Filter>Source\Core\Emulator\Port\PixelScreen</Filter>
    </ClCompile>
    <ClCompile Include="Source\Core\Emulator\Port\PixelScreenTwoBuffers\PixelScreenTwoBuffers.Port.cpp">
      <Filter>Source\Core\Emulator\Port\PixelScreenTwoBuffers</Filter>
    </ClCompile>
    <ClCompile Include="Source\Core\Emulator\Port\SymbolScreen\SymbolScreen.Port.cpp">
      <Filter>Source\Core\Emulator\Port\SymbolScreen</Filter>
    </ClCompile>
    <ClCompile Include="Source\Core\Emulator\Port\Timer\Timer.Port.cpp">
      <Filter>Source\Core\Emulator\Port\Timer</Filter>
    </ClCompile>
    <ClCompile Include="Source\GUI\Widgets\ColorPicker\Widget.ColorPicker.cpp">
      <Filter>Source\GUI\Widgets\ColorPicker</Filter>
    </ClCompile>
    <ClCompile Include="Source\Utils\ColorUtilities.cpp">
      <Filter>Source\Utils</Filter>
    </ClCompile>
    <ClCompile Include="Source\Core\Emulator\EmulationControls\EmulationControls.cpp">
      <Filter>Source\Core\Emulator\EmulationControls</Filter>
    </ClCompile>
    <ClCompile Include="Source\GUI\Widgets\ConstList\Widget.ListConst.cpp">
      <Filter>Source\GUI\Widgets\Lists\ListConst</Filter>
    </ClCompile>
    <ClCompile Include="Source\GUI\Widgets\Disassembler\Widget.Disassembler.cpp">
      <Filter>Source\GUI\Widgets\Disassembler</Filter>
    </ClCompile>
    <ClCompile Include="Source\GUI\Widgets\EmulatorInfo\Widget.EmulatorInfo.cpp">
      <Filter>Source\GUI\Widgets\EmulatorInfo</Filter>
    </ClCompile>
    <ClCompile Include="Source\GUI\Widgets\Help\Widget.Help.cpp">
      <Filter>Source\GUI\Widgets\Help</Filter>
    </ClCompile>
    <ClCompile Include="Source\GUI\Widgets\HexViewer\Widget.HexViewer.cpp">
      <Filter>Source\GUI\Widgets\HexViewer</Filter>
    </ClCompile>
    <ClCompile Include="Source\GUI\Widgets\Help\Help.Data.cpp">
      <Filter>Source\GUI\Widgets\Help</Filter>
    </ClCompile>
    <ClCompile Include="Source\GUI\Widgets\HistoryInstruction\Widget.HistoryInstruction.cpp">
      <Filter>Source\GUI\Widgets\HistoryInstruction</Filter>
    </ClCompile>
    <ClCompile Include="Source\GUI\Widgets\Input0x08\Widget.Input0x08.cpp">
      <Filter>Source\GUI\Widgets\Input0x08</Filter>
    </ClCompile>
    <ClCompile Include="Source\GUI\Widgets\Keyboard\Widget.Keyboard.cpp">
      <Filter>Source\GUI\Widgets\Keyboard</Filter>
    </ClCompile>
    <ClCompile Include="Source\GUI\Widgets\ListInstruction\Widget.ListInstruction.cpp">
      <Filter>Source\GUI\Widgets\ListInstruction</Filter>
    </ClCompile>
    <ClCompile Include="Source\GUI\Widgets\MarkerList\Widget.ListMarker.cpp">
      <Filter>Source\GUI\Widgets\Lists\ListMarker</Filter>
    </ClCompile>
    <ClCompile Include="Source\GUI\Widgets\MnemoCodeViewer\Widget.MnemoCodeViewer.cpp">
      <Filter>Source\GUI\Widgets\MnemoCodeViewer</Filter>
    </ClCompile>
    <ClCompile Include="Source\GUI\Widgets\MnemoCodeViewerTargeted\Widget.MnemoCodeViewerTargeted.cpp">
      <Filter>Source\GUI\Widgets\MnemoCodeViewerTargeted</Filter>
    </ClCompile>
    <ClCompile Include="Source\GUI\Widgets\VarList\Widget.ListVar.cpp">
      <Filter>Source\GUI\Widgets\Lists\ListVar</Filter>
    </ClCompile>
    <ClCompile Include="Source\GUI\Widgets\Output0x02\Widget.Output0x02.cpp">
      <Filter>Source\GUI\Widgets\Output0x02</Filter>
    </ClCompile>
    <ClCompile Include="Source\GUI\Widgets\PixelScreen\Widget.PixelScreen.cpp">
      <Filter>Source\GUI\Widgets\PixelScreen</Filter>
    </ClCompile>
    <ClCompile Include="Source\GUI\Widgets\PixelScreenTwoBuffers\Widget.PixelScreenTwoBuffers.cpp">
      <Filter>Source\GUI\Widgets\PixelScreenTwoBuffers</Filter>
    </ClCompile>
    <ClCompile Include="Source\GUI\Widgets\RegisterFlagsInfo\Widget.RegisterFlagsInfo.cpp">
      <Filter>Source\GUI\Widgets\RegisterFlagsInfo</Filter>
    </ClCompile>
    <ClCompile Include="Source\GUI\Widgets\SymbolPicker\Widget.SymbolPicker.cpp">
      <Filter>Source\GUI\Widgets\SymbolPicker</Filter>
    </ClCompile>
    <ClCompile Include="Source\GUI\Widgets\SymbolScreen\Widget.SymbolScreen.cpp">
      <Filter>Source\GUI\Widgets\SymbolScreen</Filter>
    </ClCompile>
    <ClCompile Include="Source\GUI\Widgets\TableInstruction\Widget.TableInstruction.cpp">
      <Filter>Source\GUI\Widgets\TableInstruction</Filter>
    </ClCompile>
    <ClCompile Include="Source\GUI\Widgets\Timer\Widget.Timer.cpp">
      <Filter>Source\GUI\Widgets\Timer</Filter>
    </ClCompile>
    <ClCompile Include="Source\Core\ProjectManager\ProjectManager.cpp">
      <Filter>Source\Core\ProjectManager</Filter>
    </ClCompile>
    <ClCompile Include="Source\Core\LastPathManager\LastPathManager.cpp">
      <Filter>Source\Core\LastPathManager</Filter>
    </ClCompile>
    <ClCompile Include="Source\Core\KeyCombination\KeyCombinationHandler.cpp">
      <Filter>Source\Core\KeyCombination</Filter>
    </ClCompile>
    <ClCompile Include="Source\Core\WindowManager\WindowManager.cpp">
      <Filter>Source\Core\WindowManager</Filter>
    </ClCompile>
    <ClCompile Include="Source\Core\Workspaces\I8080.Workspace.cpp">
      <Filter>Source\Core\Workspace</Filter>
    </ClCompile>
    <ClCompile Include="Source\Core\Workspaces\I8080.WorkspaceManager.cpp">
      <Filter>Source\Core\Workspace</Filter>
    </ClCompile>
    <ClCompile Include="Source\Core\IntroManager\IntroManager.cpp">
      <Filter>Source\Core\IntroManager</Filter>
    </ClCompile>
    <ClCompile Include="Source\GUI\MainMenuBar\logo_transparent.cpp">
      <Filter>Source\GUI\MainMenuBar</Filter>
    </ClCompile>
    <ClCompile Include="Source\Core\Workspaces\Workspace.DefaultSave.cpp">
      <Filter>Source\Core\Workspace</Filter>
    </ClCompile>
  </ItemGroup>
  <ItemGroup>
    <Filter Include="Source">
      <UniqueIdentifier>{53946465-982c-4867-8356-825b11670170}</UniqueIdentifier>
    </Filter>
    <Filter Include="Source\DataStructures">
      <UniqueIdentifier>{fcc98703-d005-4b28-b010-7179b8432b12}</UniqueIdentifier>
    </Filter>
    <Filter Include="Source\Application">
      <UniqueIdentifier>{7838d8b1-83f2-46ec-ae29-2e22b307ffb7}</UniqueIdentifier>
    </Filter>
    <Filter Include="Source\Data">
      <UniqueIdentifier>{362ceefb-993f-45e0-be5d-69d513b62351}</UniqueIdentifier>
    </Filter>
    <Filter Include="Source\Data\Images">
      <UniqueIdentifier>{bcad73a7-3455-4524-bbf8-0acdb393e1f1}</UniqueIdentifier>
    </Filter>
    <Filter Include="Source\Data\Font">
      <UniqueIdentifier>{ba6fe630-89c8-4a39-ba31-d1f2ba086ca6}</UniqueIdentifier>
    </Filter>
    <Filter Include="Source\Data\Images\Author">
      <UniqueIdentifier>{c54fb7fd-7e19-4448-a2cb-9021a2ce5005}</UniqueIdentifier>
    </Filter>
    <Filter Include="Source\Core">
      <UniqueIdentifier>{613d352f-7e24-492f-a165-6d8a058c8e22}</UniqueIdentifier>
    </Filter>
    <Filter Include="Source\Core\Emulator">
      <UniqueIdentifier>{a4e15ca5-1833-4ef6-bc15-7cfbfb66b998}</UniqueIdentifier>
    </Filter>
    <Filter Include="Source\Core\Emulator\Compiler">
      <UniqueIdentifier>{8b8381ce-a7e8-4fbb-9770-c17addcdfc18}</UniqueIdentifier>
    </Filter>
    <Filter Include="Source\Core\Emulator\EmulationControls">
      <UniqueIdentifier>{15d25d24-846b-49b5-b059-866337438e8b}</UniqueIdentifier>
    </Filter>
    <Filter Include="Source\Core\Emulator\EmulationThread">
      <UniqueIdentifier>{e8d4b77b-e903-45fb-806c-0416f8ddde9b}</UniqueIdentifier>
    </Filter>
    <Filter Include="Source\Core\Emulator\History">
      <UniqueIdentifier>{db6661b8-57a5-43d6-beeb-dba857b8f938}</UniqueIdentifier>
    </Filter>
    <Filter Include="Source\Core\Emulator\Port">
      <UniqueIdentifier>{a5305641-ee5d-41bc-87c4-196662f22518}</UniqueIdentifier>
    </Filter>
    <Filter Include="Source\Core\Emulator\Processor">
      <UniqueIdentifier>{faf7381f-1ab7-4d3a-81ec-29c0470ea00e}</UniqueIdentifier>
    </Filter>
    <Filter Include="Source\Core\Emulator\Processors">
      <UniqueIdentifier>{1502e513-5730-4799-86ef-99f2a5b692c4}</UniqueIdentifier>
    </Filter>
    <Filter Include="Source\Core\Emulator\Processors\Intel8080">
      <UniqueIdentifier>{f8d57ce1-17f9-4ba1-bfb7-e6d1136871ac}</UniqueIdentifier>
    </Filter>
    <Filter Include="Source\Core\Emulator\Processors\Intel8080\Compiler">
      <UniqueIdentifier>{d81cc126-fb0a-420b-acfd-cc759b004b5b}</UniqueIdentifier>
    </Filter>
    <Filter Include="Source\Core\Emulator\Processors\Intel8080\Disassembler">
      <UniqueIdentifier>{ddb41636-92e0-4fff-a1aa-9b97c5a0a78e}</UniqueIdentifier>
    </Filter>
    <Filter Include="Source\Core\Emulator\Processors\Intel8080\History">
      <UniqueIdentifier>{0b6a3ccf-bdad-4250-8c5e-cd9b14944863}</UniqueIdentifier>
    </Filter>
    <Filter Include="Source\Core\Emulator\Processors\Intel8080\History\Caretaker">
      <UniqueIdentifier>{de82fa3d-ae0f-4282-a492-84a0029725c8}</UniqueIdentifier>
    </Filter>
    <Filter Include="Source\Core\Emulator\Processors\Intel8080\History\Momento">
      <UniqueIdentifier>{b76dba13-65a6-4d36-9fd7-f1c39582eb00}</UniqueIdentifier>
    </Filter>
    <Filter Include="Source\Core\Emulator\Processors\Intel8080\InfoInstruction">
      <UniqueIdentifier>{26cb8775-c604-4163-8090-8b102966d7b7}</UniqueIdentifier>
    </Filter>
    <Filter Include="Source\Core\Emulator\Port\AsyncKeyboard">
      <UniqueIdentifier>{e75d036a-df96-4893-a16c-0b192131ce71}</UniqueIdentifier>
    </Filter>
    <Filter Include="Source\Core\Emulator\Port\AsyncKeyboard\Momento">
      <UniqueIdentifier>{ee99d8ee-e4f9-42a5-8ec6-0c1f9b19b008}</UniqueIdentifier>
    </Filter>
    <Filter Include="Source\Core\Emulator\Port\ConsoleOutput">
      <UniqueIdentifier>{3338bf61-a56e-49ee-a550-5f1490dfde5b}</UniqueIdentifier>
    </Filter>
    <Filter Include="Source\Core\Emulator\Port\ConsoleOutput\Momento">
      <UniqueIdentifier>{b193bc71-1538-4348-8b7b-bf99d8b8e40c}</UniqueIdentifier>
    </Filter>
    <Filter Include="Source\Core\Emulator\Port\GeneratorRandomValues">
      <UniqueIdentifier>{751b4421-336e-45bb-b71c-d6e53b35de85}</UniqueIdentifier>
    </Filter>
    <Filter Include="Source\Core\Emulator\Port\GeneratorRandomValues\Momento">
      <UniqueIdentifier>{f31a2e62-9287-4745-b944-8cbaa0556298}</UniqueIdentifier>
    </Filter>
    <Filter Include="Source\Core\Emulator\Port\PixelScreenTwoBuffers">
      <UniqueIdentifier>{a401fed7-58fa-4c14-a2c5-dc47a723ed41}</UniqueIdentifier>
    </Filter>
    <Filter Include="Source\Core\Emulator\Port\PixelScreenTwoBuffers\Momento">
      <UniqueIdentifier>{d866fc2c-5780-4fb4-832e-879afcc9a406}</UniqueIdentifier>
    </Filter>
    <Filter Include="Source\Core\Emulator\Port\SymbolScreen">
      <UniqueIdentifier>{090e16ef-2c62-40d1-85aa-bb093dbda519}</UniqueIdentifier>
    </Filter>
    <Filter Include="Source\Core\Emulator\Port\SymbolScreen\Momento">
      <UniqueIdentifier>{1d4cf5a7-9bd8-4026-ab9c-73967decb64d}</UniqueIdentifier>
    </Filter>
    <Filter Include="Source\Core\Emulator\Port\Timer">
      <UniqueIdentifier>{94af9f15-022a-4d56-b9c3-7f92901a8ff2}</UniqueIdentifier>
    </Filter>
    <Filter Include="Source\Core\Emulator\Port\Timer\Momento">
      <UniqueIdentifier>{90408685-e813-4f16-96a6-a79060b53138}</UniqueIdentifier>
    </Filter>
    <Filter Include="Source\Core\Theme">
      <UniqueIdentifier>{86ee605c-c7d3-45fa-ab5f-b031cd1846db}</UniqueIdentifier>
    </Filter>
    <Filter Include="Source\Core\Theme\BaseColors">
      <UniqueIdentifier>{7717afda-545b-429b-8781-9722d7c07bdb}</UniqueIdentifier>
    </Filter>
    <Filter Include="Source\Core\Theme\interface">
      <UniqueIdentifier>{ded8a877-06ca-4821-b6bb-d27067f75b0e}</UniqueIdentifier>
    </Filter>
    <Filter Include="Source\Core\Theme\ThemeManager">
      <UniqueIdentifier>{0c7e44cd-f276-451b-8aa8-56aa91479828}</UniqueIdentifier>
    </Filter>
    <Filter Include="Source\Core\Setting">
      <UniqueIdentifier>{a208a89f-b2d6-490f-9a23-5bf35cbe14c0}</UniqueIdentifier>
    </Filter>
    <Filter Include="Source\Core\Widget">
      <UniqueIdentifier>{d5c48f4c-65e9-49f9-b8ca-22554122d0b4}</UniqueIdentifier>
    </Filter>
    <Filter Include="Source\GUI">
      <UniqueIdentifier>{d22f5e67-c3cf-43b5-9421-5df060d0776c}</UniqueIdentifier>
    </Filter>
    <Filter Include="Source\Core\SaveSystem">
      <UniqueIdentifier>{746a0d06-ce9d-4df9-8679-a2aadb89448d}</UniqueIdentifier>
    </Filter>
    <Filter Include="Source\Core\Setting\interfaces">
      <UniqueIdentifier>{e2962d8d-1da9-42a4-ba26-6ef64cf0a118}</UniqueIdentifier>
    </Filter>
    <Filter Include="Source\Core\FontManager">
      <UniqueIdentifier>{b17b838f-40b5-4c34-9fc3-e2a85a4b44b1}</UniqueIdentifier>
    </Filter>
    <Filter Include="Source\Core\IntroManager">
      <UniqueIdentifier>{18434dfd-7cd0-407d-88a8-603de4c68a39}</UniqueIdentifier>
    </Filter>
    <Filter Include="Source\Core\LastPathManager">
      <UniqueIdentifier>{c288b502-c01a-49d4-9201-45aff9e90247}</UniqueIdentifier>
    </Filter>
    <Filter Include="Source\Core\ProjectManager">
      <UniqueIdentifier>{c710c4f8-4768-4b7b-8406-26bfa06dffb2}</UniqueIdentifier>
    </Filter>
    <Filter Include="Source\Core\KeyCombination">
      <UniqueIdentifier>{539ae466-2f26-4130-9d70-6020cca411a7}</UniqueIdentifier>
    </Filter>
    <Filter Include="Source\Core\WindowManager">
      <UniqueIdentifier>{00723e52-392a-42bf-abbc-0465436ffb8c}</UniqueIdentifier>
    </Filter>
    <Filter Include="Source\Core\Workspace">
      <UniqueIdentifier>{d908696d-287b-4609-90d9-a64ffc6a0750}</UniqueIdentifier>
    </Filter>
    <Filter Include="Source\GUI\MainMenuBar">
      <UniqueIdentifier>{50f7c061-fc23-45d1-ba9a-8f5bbd4f1e9d}</UniqueIdentifier>
    </Filter>
    <Filter Include="Source\Utils">
      <UniqueIdentifier>{d7d882bc-236d-40d9-92ff-f91402c76707}</UniqueIdentifier>
    </Filter>
    <Filter Include="Source\Utils\OpenGL">
      <UniqueIdentifier>{42cfe78c-2e2e-49e7-9e5f-38fd073a4116}</UniqueIdentifier>
    </Filter>
    <Filter Include="Source\Utils\OpenGL\PBO">
      <UniqueIdentifier>{065b8a5b-7cd5-495d-b17b-892f13663191}</UniqueIdentifier>
    </Filter>
    <Filter Include="Source\Utils\OpenGL\Framebuffer">
      <UniqueIdentifier>{657efc97-b340-4312-8757-1a94724504bb}</UniqueIdentifier>
    </Filter>
    <Filter Include="Source\Utils\File">
      <UniqueIdentifier>{b5c2e983-2da6-49e3-b439-1fef07dbf644}</UniqueIdentifier>
    </Filter>
    <Filter Include="Source\Utils\Text">
      <UniqueIdentifier>{c565f6cf-1905-4b69-abdf-eafa135c1d89}</UniqueIdentifier>
    </Filter>
    <Filter Include="Source\Utils\Text\Encoding">
      <UniqueIdentifier>{1b9296b1-0921-4bcf-bfd7-afcc6bcc4daa}</UniqueIdentifier>
    </Filter>
    <Filter Include="Source\Utils\Text\Encoding\Unicode">
      <UniqueIdentifier>{359b7f4a-9df5-4ebb-95be-731020760402}</UniqueIdentifier>
    </Filter>
    <Filter Include="Source\Utils\Text\Encoding\UTF8">
      <UniqueIdentifier>{6248aa5d-f70d-42b5-b84f-4073d1eeb982}</UniqueIdentifier>
    </Filter>
    <Filter Include="Source\Utils\Text\Encoding\Wstring">
      <UniqueIdentifier>{6cadb6d9-65de-4f25-ac22-330f408d0475}</UniqueIdentifier>
    </Filter>
    <Filter Include="Source\Utils\OpenGL\Texture">
      <UniqueIdentifier>{95dbe07c-cf88-47e2-a23e-42f121f23244}</UniqueIdentifier>
    </Filter>
    <Filter Include="Source\Utils\OpenGL\Window">
      <UniqueIdentifier>{7cc4215e-7e13-442c-9b75-2e86d695b63e}</UniqueIdentifier>
    </Filter>
    <Filter Include="Source\Utils\OpenGL\Renderbuffer">
      <UniqueIdentifier>{fb8372f5-618f-4f08-aee5-f9e441407351}</UniqueIdentifier>
    </Filter>
    <Filter Include="Source\Utils\OpenGL\Shader">
      <UniqueIdentifier>{f76db6f9-aebb-4543-9155-35b60d5c06cf}</UniqueIdentifier>
    </Filter>
    <Filter Include="Source\Utils\ImGui">
      <UniqueIdentifier>{34ea52a3-bbc8-4548-8221-c29dfd48eca1}</UniqueIdentifier>
    </Filter>
    <Filter Include="Source\Utils\Math">
      <UniqueIdentifier>{11bb4a3d-70ef-40b9-aab8-c83341bf8fb6}</UniqueIdentifier>
    </Filter>
    <Filter Include="Source\Utils\Keyboard">
      <UniqueIdentifier>{a6f7eccf-45ee-42af-8535-94a2eb6ee636}</UniqueIdentifier>
    </Filter>
    <Filter Include="Source\Utils\Time">
      <UniqueIdentifier>{dcc84001-609d-424c-aefa-7826ac7a1b66}</UniqueIdentifier>
    </Filter>
    <Filter Include="Source\Utils\Timer">
      <UniqueIdentifier>{81dca5a9-c4a5-4e87-afd9-8412b3b6f474}</UniqueIdentifier>
    </Filter>
    <Filter Include="Source\Utils\Values">
      <UniqueIdentifier>{f53c1c62-f07d-45a2-a0ec-cabc26ccd4f3}</UniqueIdentifier>
    </Filter>
    <Filter Include="Source\GUI\Notification">
      <UniqueIdentifier>{4797d360-5176-4bb9-b4cd-a8a29e65e750}</UniqueIdentifier>
    </Filter>
    <Filter Include="Source\GUI\Notification\interface">
      <UniqueIdentifier>{69ddb37b-8d00-4600-9515-87059109176d}</UniqueIdentifier>
    </Filter>
    <Filter Include="Source\GUI\AuthorPopup">
      <UniqueIdentifier>{eb74f3c9-1dcf-49a1-9ef2-e409e0e8cf4b}</UniqueIdentifier>
    </Filter>
    <Filter Include="Source\GUI\HighlighterInstruction">
      <UniqueIdentifier>{1d74dd8e-aa19-407e-b8ff-308913389d44}</UniqueIdentifier>
    </Filter>
    <Filter Include="Source\GUI\HighlighterInstruction\I8080">
      <UniqueIdentifier>{e440e415-bfbb-45c5-b7d8-089c7f0e1eb1}</UniqueIdentifier>
    </Filter>
    <Filter Include="Source\GUI\Widgets">
      <UniqueIdentifier>{bd5cf2c3-8e6c-4ad4-80ac-644542641c49}</UniqueIdentifier>
    </Filter>
    <Filter Include="Source\GUI\Widgets\CodeEditor">
      <UniqueIdentifier>{0617cd89-d4a3-4b12-b3c4-f4f1a02aca08}</UniqueIdentifier>
    </Filter>
    <Filter Include="Source\ThirdParty">
      <UniqueIdentifier>{65b2abcb-77b0-48e5-b108-49e66a9ea992}</UniqueIdentifier>
    </Filter>
    <Filter Include="Source\ThirdParty\IconFontCppHeaders">
      <UniqueIdentifier>{de82084b-91dd-43b4-b89d-39fd9ee3c5aa}</UniqueIdentifier>
    </Filter>
    <Filter Include="Source\ThirdParty\ImGui">
      <UniqueIdentifier>{f2a34a6a-b77d-4e1d-aeec-e342a04a4176}</UniqueIdentifier>
    </Filter>
    <Filter Include="Source\ThirdParty\LodePNG">
      <UniqueIdentifier>{e3e5fb47-c91b-4a5d-8ba5-8692166b948d}</UniqueIdentifier>
    </Filter>
    <Filter Include="Source\Core\Emulator\Port\PixelScreen">
      <UniqueIdentifier>{dd5c3ee9-0905-485d-92e2-99c28b95520b}</UniqueIdentifier>
    </Filter>
    <Filter Include="Source\Core\Emulator\Port\PixelScreen\Momento">
      <UniqueIdentifier>{3af708a3-2774-4dc8-9c0a-8a2a1741b4ea}</UniqueIdentifier>
    </Filter>
    <Filter Include="Source\GUI\Widgets\ColorPicker">
      <UniqueIdentifier>{70bcb28a-66e6-4cb9-8674-0c6b0676a5f5}</UniqueIdentifier>
    </Filter>
    <Filter Include="Source\GUI\Widgets\Disassembler">
      <UniqueIdentifier>{40bbe813-e7bf-48cc-9356-cf325e9c1da8}</UniqueIdentifier>
    </Filter>
    <Filter Include="Source\GUI\Widgets\EmulatorInfo">
      <UniqueIdentifier>{91043dc4-2166-4af8-a110-2a9e26eddfe4}</UniqueIdentifier>
    </Filter>
    <Filter Include="Source\GUI\Widgets\Help">
      <UniqueIdentifier>{81d40dfa-15a8-40c5-8a6c-28fcb039428e}</UniqueIdentifier>
    </Filter>
    <Filter Include="Source\GUI\Widgets\HexViewer">
      <UniqueIdentifier>{e0d32df2-4bb0-433e-8954-8272344e892a}</UniqueIdentifier>
    </Filter>
    <Filter Include="Source\GUI\Widgets\HistoryInstruction">
      <UniqueIdentifier>{7fac0e05-bf2c-47cc-b9cf-00a9f7e0abf8}</UniqueIdentifier>
    </Filter>
    <Filter Include="Source\GUI\Widgets\Input0x08">
      <UniqueIdentifier>{c9e44f6d-ad14-4e5f-abd8-84a9f5364505}</UniqueIdentifier>
    </Filter>
    <Filter Include="Source\GUI\Widgets\Keyboard">
      <UniqueIdentifier>{61f47bb1-a965-4a44-b452-a9bddf8a11d3}</UniqueIdentifier>
    </Filter>
    <Filter Include="Source\GUI\Widgets\ListInstruction">
      <UniqueIdentifier>{07f30dc9-b7b7-41c4-8451-51d796716be5}</UniqueIdentifier>
    </Filter>
    <Filter Include="Source\GUI\Widgets\MnemoCodeViewer">
      <UniqueIdentifier>{4672637b-75d6-49bd-9aae-bfd4e08b387f}</UniqueIdentifier>
    </Filter>
    <Filter Include="Source\GUI\Widgets\MnemoCodeViewerTargeted">
      <UniqueIdentifier>{9878927f-0d81-411a-9fd7-6f47f1de2d3f}</UniqueIdentifier>
    </Filter>
    <Filter Include="Source\GUI\Widgets\Lists">
      <UniqueIdentifier>{2b20296d-a7f5-404f-843f-d5c8d36a79c0}</UniqueIdentifier>
    </Filter>
    <Filter Include="Source\GUI\Widgets\Lists\ListConst">
      <UniqueIdentifier>{1fd7710d-0339-46ec-97aa-b96286f76d8c}</UniqueIdentifier>
    </Filter>
    <Filter Include="Source\GUI\Widgets\Lists\ListMarker">
      <UniqueIdentifier>{da869a94-4fe7-446b-b14f-3eceb08c58bb}</UniqueIdentifier>
    </Filter>
    <Filter Include="Source\GUI\Widgets\Lists\ListVar">
      <UniqueIdentifier>{e3fd3000-9171-437d-b9fb-dec145c1e595}</UniqueIdentifier>
    </Filter>
    <Filter Include="Source\GUI\Widgets\Output0x02">
      <UniqueIdentifier>{329e24f9-ce9a-43ae-b1ff-a6770509d0ce}</UniqueIdentifier>
    </Filter>
    <Filter Include="Source\GUI\Widgets\PixelScreen">
      <UniqueIdentifier>{d3bb358d-31bc-42a6-bcaf-231ee51f3cba}</UniqueIdentifier>
    </Filter>
    <Filter Include="Source\GUI\Widgets\PixelScreenTwoBuffers">
      <UniqueIdentifier>{aa27addd-bea1-4e28-a3bb-f03fe056efd8}</UniqueIdentifier>
    </Filter>
    <Filter Include="Source\GUI\Widgets\RegisterFlagsInfo">
      <UniqueIdentifier>{89af9c61-8d18-4c4e-8ff0-c745a01eb7dd}</UniqueIdentifier>
    </Filter>
    <Filter Include="Source\GUI\Widgets\SymbolPicker">
      <UniqueIdentifier>{7e858d38-0b95-4b7b-ba96-c98880456629}</UniqueIdentifier>
    </Filter>
    <Filter Include="Source\GUI\Widgets\SymbolScreen">
      <UniqueIdentifier>{cce11d38-7483-411e-9dae-177642279080}</UniqueIdentifier>
    </Filter>
    <Filter Include="Source\GUI\Widgets\TableInstruction">
      <UniqueIdentifier>{b1278e84-52ea-4f3f-bc6b-b0dbd09755c8}</UniqueIdentifier>
    </Filter>
    <Filter Include="Source\GUI\Widgets\Timer">
      <UniqueIdentifier>{4f56c718-4418-4e22-a001-e6e0b6065f05}</UniqueIdentifier>
    </Filter>
  </ItemGroup>
  <ItemGroup>
    <ClInclude Include="Source\Utils\File\File.h">
      <Filter>Source\Utils\File</Filter>
    </ClInclude>
    <ClInclude Include="Source\Utils\Text\Text.h">
      <Filter>Source\Utils\Text</Filter>
    </ClInclude>
    <ClInclude Include="Source\Utils\Text\Encoding\Unicode\Unicode.h">
      <Filter>Source\Utils\Text\Encoding\Unicode</Filter>
    </ClInclude>
    <ClInclude Include="Source\Utils\Text\Encoding\UTF8\UTF8.h">
      <Filter>Source\Utils\Text\Encoding\UTF8</Filter>
    </ClInclude>
    <ClInclude Include="Source\Utils\Text\Encoding\Wstring\Wstring.h">
      <Filter>Source\Utils\Text\Encoding\Wstring</Filter>
    </ClInclude>
    <ClInclude Include="Source\Utils\OpenGL\PBO\PBO.h">
      <Filter>Source\Utils\OpenGL\PBO</Filter>
    </ClInclude>
    <ClInclude Include="Source\Utils\OpenGL\Framebuffer\Framebuffer.h">
      <Filter>Source\Utils\OpenGL\Framebuffer</Filter>
    </ClInclude>
    <ClInclude Include="Source\Utils\OpenGL\Texture\Texture.h">
      <Filter>Source\Utils\OpenGL\Texture</Filter>
    </ClInclude>
    <ClInclude Include="Source\Utils\OpenGL\Window\Window.h">
      <Filter>Source\Utils\OpenGL\Window</Filter>
    </ClInclude>
    <ClInclude Include="Source\Utils\OpenGL\Window\Manager\OpenGL.WindowManager.h">
      <Filter>Source\Utils\OpenGL\Window</Filter>
    </ClInclude>
    <ClInclude Include="Source\Utils\OpenGL\Renderbuffer\Renderbuffer.h">
      <Filter>Source\Utils\OpenGL\Renderbuffer</Filter>
    </ClInclude>
    <ClInclude Include="Source\Utils\OpenGL\Shader\Shader.h">
      <Filter>Source\Utils\OpenGL\Shader</Filter>
    </ClInclude>
    <ClInclude Include="Source\Utils\ImGui\Utils.ImGui.h">
      <Filter>Source\Utils\ImGui</Filter>
    </ClInclude>
    <ClInclude Include="Source\Utils\Math\Math.Lerp.h">
      <Filter>Source\Utils\Math</Filter>
    </ClInclude>
    <ClInclude Include="Source\Utils\Keyboard\Keyboard.h">
      <Filter>Source\Utils\Keyboard</Filter>
    </ClInclude>
    <ClInclude Include="Source\Utils\Time\Time.h">
      <Filter>Source\Utils\Time</Filter>
    </ClInclude>
    <ClInclude Include="Source\Utils\Timer\Timer.Framerate.h">
      <Filter>Source\Utils\Timer</Filter>
    </ClInclude>
    <ClInclude Include="Source\Utils\Timer\Timer.h">
      <Filter>Source\Utils\Timer</Filter>
    </ClInclude>
    <ClInclude Include="Source\Utils\Values\Values.h">
      <Filter>Source\Utils\Values</Filter>
    </ClInclude>
    <ClInclude Include="Source\ThirdParty\IconFontCppHeaders\IconsFontAwesome6.h">
      <Filter>Source\ThirdParty\IconFontCppHeaders</Filter>
    </ClInclude>
    <ClInclude Include="Source\ThirdParty\ImGui\imconfig.h">
      <Filter>Source\ThirdParty\ImGui</Filter>
    </ClInclude>
    <ClInclude Include="Source\ThirdParty\ImGui\imgui.h">
      <Filter>Source\ThirdParty\ImGui</Filter>
    </ClInclude>
    <ClInclude Include="Source\ThirdParty\ImGui\imgui_impl_glfw.h">
      <Filter>Source\ThirdParty\ImGui</Filter>
    </ClInclude>
    <ClInclude Include="Source\ThirdParty\ImGui\imgui_impl_opengl3.h">
      <Filter>Source\ThirdParty\ImGui</Filter>
    </ClInclude>
    <ClInclude Include="Source\ThirdParty\ImGui\imgui_impl_opengl3_loader.h">
      <Filter>Source\ThirdParty\ImGui</Filter>
    </ClInclude>
    <ClInclude Include="Source\ThirdParty\ImGui\imgui_internal.h">
      <Filter>Source\ThirdParty\ImGui</Filter>
    </ClInclude>
    <ClInclude Include="Source\ThirdParty\ImGui\imgui_markdown.h">
      <Filter>Source\ThirdParty\ImGui</Filter>
    </ClInclude>
    <ClInclude Include="Source\ThirdParty\ImGui\imgui_memory_editor.h">
      <Filter>Source\ThirdParty\ImGui</Filter>
    </ClInclude>
    <ClInclude Include="Source\ThirdParty\ImGui\imstb_rectpack.h">
      <Filter>Source\ThirdParty\ImGui</Filter>
    </ClInclude>
    <ClInclude Include="Source\ThirdParty\ImGui\imstb_textedit.h">
      <Filter>Source\ThirdParty\ImGui</Filter>
    </ClInclude>
    <ClInclude Include="Source\ThirdParty\ImGui\imstb_truetype.h">
      <Filter>Source\ThirdParty\ImGui</Filter>
    </ClInclude>
    <ClInclude Include="Source\ThirdParty\LodePNG\lodepng.h">
      <Filter>Source\ThirdParty\LodePNG</Filter>
    </ClInclude>
    <ClInclude Include="Source\ThirdParty\snappy.h">
      <Filter>Source\ThirdParty</Filter>
    </ClInclude>
    <ClInclude Include="Source\Core\SaveSystem\SaveSystem.h">
      <Filter>Source\Core\SaveSystem</Filter>
    </ClInclude>
    <ClInclude Include="Source\Core\SaveSystem\SaveSystemManager.h">
      <Filter>Source\Core\SaveSystem</Filter>
    </ClInclude>
    <ClInclude Include="Source\Core\Setting\Setting.h">
      <Filter>Source\Core\Setting</Filter>
    </ClInclude>
    <ClInclude Include="Source\Core\Setting\interfaces\ISettingDrawable.h">
      <Filter>Source\Core\Setting\interfaces</Filter>
    </ClInclude>
    <ClInclude Include="Source\Core\Setting\interfaces\ISettingObject.h">
      <Filter>Source\Core\Setting\interfaces</Filter>
    </ClInclude>
    <ClInclude Include="Source\Core\Setting\interfaces\ISettingSavable.h">
      <Filter>Source\Core\Setting\interfaces</Filter>
    </ClInclude>
    <ClInclude Include="Source\Core\Theme\Theme.h">
      <Filter>Source\Core\Theme</Filter>
    </ClInclude>
    <ClInclude Include="Source\Core\Theme\BaseColors\BaseColors.h">
      <Filter>Source\Core\Theme\BaseColors</Filter>
    </ClInclude>
    <ClInclude Include="Source\Core\Theme\interface\IThemeLoadable.h">
      <Filter>Source\Core\Theme\interface</Filter>
    </ClInclude>
    <ClInclude Include="Source\Core\Theme\ThemeManager\ThemeManager.h">
      <Filter>Source\Core\Theme\ThemeManager</Filter>
    </ClInclude>
    <ClInclude Include="Source\Application\Application.h">
      <Filter>Source\Application</Filter>
    </ClInclude>
    <ClInclude Include="Source\Core\FontManager\FontManager.h">
      <Filter>Source\Core\FontManager</Filter>
    </ClInclude>
    <ClInclude Include="Source\Data\Fonts\IconsFont.h">
      <Filter>Source\Data\Font</Filter>
    </ClInclude>
    <ClInclude Include="Source\Data\Fonts\MainFont.h">
      <Filter>Source\Data\Font</Filter>
    </ClInclude>
    <ClInclude Include="Source\Data\Images\Image_LogoApplicationArrayPngBytes.h">
      <Filter>Source\Data\Images</Filter>
    </ClInclude>
    <ClInclude Include="Source\Data\Images\Image_MSDF_ATLAS.h">
      <Filter>Source\Data\Images</Filter>
    </ClInclude>
    <ClInclude Include="Source\Data\Images\Image_MSDF_DESIGN_8080.h">
      <Filter>Source\Data\Images</Filter>
    </ClInclude>
    <ClInclude Include="Source\Data\Images\Image_MSDF_DESIGN_seedLBI_production.h">
      <Filter>Source\Data\Images</Filter>
    </ClInclude>
    <ClInclude Include="Source\Data\Images\AuthorPicture\Image.Author.Backend.h">
      <Filter>Source\Data\Images\Author</Filter>
    </ClInclude>
    <ClInclude Include="Source\Data\Images\AuthorPicture\Image.Author.Close.h">
      <Filter>Source\Data\Images\Author</Filter>
    </ClInclude>
    <ClInclude Include="Source\Data\Images\AuthorPicture\Image.Author.EyeTransparent.h">
      <Filter>Source\Data\Images\Author</Filter>
    </ClInclude>
    <ClInclude Include="Source\Data\Images\AuthorPicture\Image.Author.Front.h">
      <Filter>Source\Data\Images\Author</Filter>
    </ClInclude>
    <ClInclude Include="Source\Data\Images\AuthorPicture\Image.Author.LeftEye.h">
      <Filter>Source\Data\Images\Author</Filter>
    </ClInclude>
    <ClInclude Include="Source\Data\Images\AuthorPicture\Image.Author.RightEye.h">
      <Filter>Source\Data\Images\Author</Filter>
    </ClInclude>
    <ClInclude Include="Source\GUI\MainMenuBar\MainMenuBar.h">
      <Filter>Source\GUI\MainMenuBar</Filter>
    </ClInclude>
    <ClInclude Include="resource1.h" />
    <ClInclude Include="Source\Core\Widget\I8080.Widget.h">
      <Filter>Source\Core\Widget</Filter>
    </ClInclude>
    <ClInclude Include="Source\Core\Widget\I8080.WidgetManager.h">
      <Filter>Source\Core\Widget</Filter>
    </ClInclude>
    <ClInclude Include="Source\Core\Emulator\Compiler\Compiler.h">
      <Filter>Source\Core\Emulator\Compiler</Filter>
    </ClInclude>
    <ClInclude Include="Source\GUI\Notification\Notification.h">
      <Filter>Source\GUI\Notification</Filter>
    </ClInclude>
    <ClInclude Include="Source\GUI\Notification\Notification.Message.h">
      <Filter>Source\GUI\Notification</Filter>
    </ClInclude>
    <ClInclude Include="Source\GUI\Notification\Notification.Progress.h">
      <Filter>Source\GUI\Notification</Filter>
    </ClInclude>
    <ClInclude Include="Source\GUI\Notification\NotificationManager.h">
      <Filter>Source\GUI\Notification</Filter>
    </ClInclude>
    <ClInclude Include="Source\GUI\Notification\interface\Notification.Element.h">
      <Filter>Source\GUI\Notification\interface</Filter>
    </ClInclude>
    <ClInclude Include="Source\GUI\AuthorPopup\AuthorPopup.h">
      <Filter>Source\GUI\AuthorPopup</Filter>
    </ClInclude>
    <ClInclude Include="Source\GUI\HighlighterInstruction\Highlighter.h">
      <Filter>Source\GUI\HighlighterInstruction</Filter>
    </ClInclude>
    <ClInclude Include="Source\GUI\HighlighterInstruction\I8080\I8080.HighlighterInstruction.h">
      <Filter>Source\GUI\HighlighterInstruction\I8080</Filter>
    </ClInclude>
    <ClInclude Include="Source\GUI\Widgets\CodeEditor\TextEditor.h">
      <Filter>Source\GUI\Widgets\CodeEditor</Filter>
    </ClInclude>
    <ClInclude Include="Source\GUI\Widgets\CodeEditor\Widget.CodeEditor.h">
      <Filter>Source\GUI\Widgets\CodeEditor</Filter>
    </ClInclude>
    <ClInclude Include="Source\DataStructures\CurrentStateProcessor.h">
      <Filter>Source\DataStructures</Filter>
    </ClInclude>
    <ClInclude Include="Source\DataStructures\ModeProject.h">
      <Filter>Source\DataStructures</Filter>
    </ClInclude>
    <ClInclude Include="Source\DataStructures\OpcodeAdressed.h">
      <Filter>Source\DataStructures</Filter>
    </ClInclude>
    <ClInclude Include="Source\DataStructures\RingBuffer.h">
      <Filter>Source\DataStructures</Filter>
    </ClInclude>
    <ClInclude Include="Source\DataStructures\TranslatorOutput.h">
      <Filter>Source\DataStructures</Filter>
    </ClInclude>
    <ClInclude Include="Source\DataStructures\TypesCommand.h">
      <Filter>Source\DataStructures</Filter>
    </ClInclude>
    <ClInclude Include="Source\DataStructures\TypeTranslatorError.h">
      <Filter>Source\DataStructures</Filter>
    </ClInclude>
    <ClInclude Include="Source\DataStructures\VarsDebug.h">
      <Filter>Source\DataStructures</Filter>
    </ClInclude>
    <ClInclude Include="Source\Core\Emulator\EmulationThread\EmulationThread.h">
      <Filter>Source\Core\Emulator\EmulationThread</Filter>
    </ClInclude>
    <ClInclude Include="Source\Core\Emulator\History\Caretaker.Momento.h">
      <Filter>Source\Core\Emulator\History</Filter>
    </ClInclude>
    <ClInclude Include="Source\Core\Emulator\History\Momento.h">
      <Filter>Source\Core\Emulator\History</Filter>
    </ClInclude>
    <ClInclude Include="Source\Core\Emulator\History\Originator.Momento.h">
      <Filter>Source\Core\Emulator\History</Filter>
    </ClInclude>
    <ClInclude Include="Source\Core\Emulator\Processor\Processor.h">
      <Filter>Source\Core\Emulator\Processor</Filter>
    </ClInclude>
    <ClInclude Include="Source\Core\Emulator\Processors\Intel8080\I8080.h">
      <Filter>Source\Core\Emulator\Processors\Intel8080</Filter>
    </ClInclude>
    <ClInclude Include="Source\Core\Emulator\Processors\Intel8080\InfoInstruction\InfoInstruction.Data.h">
      <Filter>Source\Core\Emulator\Processors\Intel8080\InfoInstruction</Filter>
    </ClInclude>
    <ClInclude Include="Source\Core\Emulator\Processors\Intel8080\InfoInstruction\InfoInstruction.Display.h">
      <Filter>Source\Core\Emulator\Processors\Intel8080\InfoInstruction</Filter>
    </ClInclude>
    <ClInclude Include="Source\Core\Emulator\Processors\Intel8080\InfoInstruction\InfoInstruction.Structures.h">
      <Filter>Source\Core\Emulator\Processors\Intel8080\InfoInstruction</Filter>
    </ClInclude>
    <ClInclude Include="Source\Core\Emulator\Port\AsyncKeyboard\Momento\AsyncKeyboard.Momento.h">
      <Filter>Source\Core\Emulator\Port\AsyncKeyboard\Momento</Filter>
    </ClInclude>
    <ClInclude Include="Source\Core\Emulator\Port\ConsoleOutput\Momento\ConsoleOutput.Momento.h">
      <Filter>Source\Core\Emulator\Port\ConsoleOutput\Momento</Filter>
    </ClInclude>
    <ClInclude Include="Source\Core\Emulator\Port\GeneratorRandomValues\Momento\GeneratorRandomValues.Momento.h">
      <Filter>Source\Core\Emulator\Port\GeneratorRandomValues\Momento</Filter>
    </ClInclude>
    <ClInclude Include="Source\Core\Emulator\Port\PixelScreen\Momento\PixelScreen.Momento.h">
      <Filter>Source\Core\Emulator\Port\PixelScreen\Momento</Filter>
    </ClInclude>
    <ClInclude Include="Source\Core\Emulator\Port\PixelScreenTwoBuffers\Momento\PixelScreenTwoBuffers.Momento.h">
      <Filter>Source\Core\Emulator\Port\PixelScreenTwoBuffers\Momento</Filter>
    </ClInclude>
    <ClInclude Include="Source\Core\Emulator\Port\SymbolScreen\Momento\SymbolScreen.Momento.h">
      <Filter>Source\Core\Emulator\Port\SymbolScreen\Momento</Filter>
    </ClInclude>
    <ClInclude Include="Source\Core\Emulator\Port\Timer\Momento\Timer.Momento.h">
      <Filter>Source\Core\Emulator\Port\Timer\Momento</Filter>
    </ClInclude>
    <ClInclude Include="Source\Core\Emulator\Processors\Intel8080\Compiler\I8080.Compiler.h">
      <Filter>Source\Core\Emulator\Processors\Intel8080\Compiler</Filter>
    </ClInclude>
    <ClInclude Include="Source\Core\Emulator\Processors\Intel8080\Disassembler\I8080.Disassembler.h">
      <Filter>Source\Core\Emulator\Processors\Intel8080\Disassembler</Filter>
    </ClInclude>
    <ClInclude Include="Source\Core\Emulator\Processors\Intel8080\History\Caretaker\I8080.Caretaker.Momento.h">
      <Filter>Source\Core\Emulator\Processors\Intel8080\History\Caretaker</Filter>
    </ClInclude>
    <ClInclude Include="Source\Core\Emulator\Processors\Intel8080\History\Momento\I8080.Momento.h">
      <Filter>Source\Core\Emulator\Processors\Intel8080\History\Momento</Filter>
    </ClInclude>
    <ClInclude Include="Source\Core\Emulator\Port\Port.h">
      <Filter>Source\Core\Emulator\Port</Filter>
    </ClInclude>
    <ClInclude Include="Source\Core\Emulator\Port\AsyncKeyboard\AsyncKeyboard.Port.h">
      <Filter>Source\Core\Emulator\Port\AsyncKeyboard</Filter>
    </ClInclude>
    <ClInclude Include="Source\Core\Emulator\Port\ConsoleOutput\ConsoleOutput.Port.h">
      <Filter>Source\Core\Emulator\Port\ConsoleOutput</Filter>
    </ClInclude>
    <ClInclude Include="Source\Core\Emulator\Port\GeneratorRandomValues\GeneratorRandomValues.Port.h">
      <Filter>Source\Core\Emulator\Port\GeneratorRandomValues</Filter>
    </ClInclude>
    <ClInclude Include="Source\Core\Emulator\Port\PixelScreen\PixelScreen.Port.h">
      <Filter>Source\Core\Emulator\Port\PixelScreen</Filter>
    </ClInclude>
    <ClInclude Include="Source\Core\Emulator\Port\PixelScreenTwoBuffers\PixelScreenTwoBuffers.Port.h">
      <Filter>Source\Core\Emulator\Port\PixelScreenTwoBuffers</Filter>
    </ClInclude>
    <ClInclude Include="Source\Core\Emulator\Port\SymbolScreen\SymbolScreen.Port.h">
      <Filter>Source\Core\Emulator\Port\SymbolScreen</Filter>
    </ClInclude>
    <ClInclude Include="Source\Core\Emulator\Port\Timer\Timer.Port.h">
      <Filter>Source\Core\Emulator\Port\Timer</Filter>
    </ClInclude>
    <ClInclude Include="Source\GUI\Widgets\ColorPicker\Widget.ColorPicker.h">
      <Filter>Source\GUI\Widgets\ColorPicker</Filter>
    </ClInclude>
    <ClInclude Include="Source\Utils\ColorUtilities.h">
      <Filter>Source\Utils</Filter>
    </ClInclude>
    <ClInclude Include="Source\Core\Emulator\EmulationControls\EmulationControls.h">
      <Filter>Source\Core\Emulator\EmulationControls</Filter>
    </ClInclude>
    <ClInclude Include="Source\GUI\Widgets\ConstList\Widget.ListConst.h">
      <Filter>Source\GUI\Widgets\Lists\ListConst</Filter>
    </ClInclude>
    <ClInclude Include="Source\GUI\Widgets\Disassembler\Widget.Disassembler.h">
      <Filter>Source\GUI\Widgets\Disassembler</Filter>
    </ClInclude>
    <ClInclude Include="Source\GUI\Widgets\EmulatorInfo\Widget.EmulatorInfo.h">
      <Filter>Source\GUI\Widgets\EmulatorInfo</Filter>
    </ClInclude>
    <ClInclude Include="Source\GUI\Widgets\Help\Widget.Help.h">
      <Filter>Source\GUI\Widgets\Help</Filter>
    </ClInclude>
    <ClInclude Include="Source\GUI\Widgets\HexViewer\Widget.HexViewer.h">
      <Filter>Source\GUI\Widgets\HexViewer</Filter>
    </ClInclude>
    <ClInclude Include="Source\GUI\Widgets\Help\Help.Data.h">
      <Filter>Source\GUI\Widgets\Help</Filter>
    </ClInclude>
    <ClInclude Include="Source\GUI\Widgets\HistoryInstruction\Widget.HistoryInstruction.h">
      <Filter>Source\GUI\Widgets\HistoryInstruction</Filter>
    </ClInclude>
    <ClInclude Include="Source\GUI\Widgets\Input0x08\Widget.Input0x08.h">
      <Filter>Source\GUI\Widgets\Input0x08</Filter>
    </ClInclude>
    <ClInclude Include="Source\GUI\Widgets\Keyboard\Widget.Keyboard.h">
      <Filter>Source\GUI\Widgets\Keyboard</Filter>
    </ClInclude>
    <ClInclude Include="Source\GUI\Widgets\ListInstruction\Widget.ListInstruction.h">
      <Filter>Source\GUI\Widgets\ListInstruction</Filter>
    </ClInclude>
    <ClInclude Include="Source\GUI\Widgets\MarkerList\Widget.ListMarker.h">
      <Filter>Source\GUI\Widgets\Lists\ListMarker</Filter>
    </ClInclude>
    <ClInclude Include="Source\GUI\Widgets\MnemoCodeViewer\Widget.MnemoCodeViewer.h">
      <Filter>Source\GUI\Widgets\MnemoCodeViewer</Filter>
    </ClInclude>
    <ClInclude Include="Source\GUI\Widgets\MnemoCodeViewerTargeted\Widget.MnemoCodeViewerTargeted.h">
      <Filter>Source\GUI\Widgets\MnemoCodeViewerTargeted</Filter>
    </ClInclude>
    <ClInclude Include="Source\GUI\Widgets\VarList\Widget.ListVar.h">
      <Filter>Source\GUI\Widgets\Lists\ListVar</Filter>
    </ClInclude>
    <ClInclude Include="Source\GUI\Widgets\Output0x02\Widget.Output0x02.h">
      <Filter>Source\GUI\Widgets\Output0x02</Filter>
    </ClInclude>
    <ClInclude Include="Source\GUI\Widgets\PixelScreen\Widget.PixelScreen.h">
      <Filter>Source\GUI\Widgets\PixelScreen</Filter>
    </ClInclude>
    <ClInclude Include="Source\GUI\Widgets\PixelScreenTwoBuffers\Widget.PixelScreenTwoBuffers.h">
      <Filter>Source\GUI\Widgets\PixelScreenTwoBuffers</Filter>
    </ClInclude>
    <ClInclude Include="Source\GUI\Widgets\RegisterFlagsInfo\Widget.RegisterFlagsInfo.h">
      <Filter>Source\GUI\Widgets\RegisterFlagsInfo</Filter>
    </ClInclude>
    <ClInclude Include="Source\GUI\Widgets\SymbolPicker\Widget.SymbolPicker.h">
      <Filter>Source\GUI\Widgets\SymbolPicker</Filter>
    </ClInclude>
    <ClInclude Include="Source\GUI\Widgets\SymbolScreen\Widget.SymbolScreen.h">
      <Filter>Source\GUI\Widgets\SymbolScreen</Filter>
    </ClInclude>
    <ClInclude Include="Source\GUI\Widgets\TableInstruction\Widget.TableInstruction.h">
      <Filter>Source\GUI\Widgets\TableInstruction</Filter>
    </ClInclude>
    <ClInclude Include="Source\GUI\Widgets\Timer\Widget.Timer.h">
      <Filter>Source\GUI\Widgets\Timer</Filter>
    </ClInclude>
    <ClInclude Include="Source\Core\ProjectManager\ProjectManager.h">
      <Filter>Source\Core\ProjectManager</Filter>
    </ClInclude>
    <ClInclude Include="Source\Core\LastPathManager\LastPathManager.h">
      <Filter>Source\Core\LastPathManager</Filter>
    </ClInclude>
    <ClInclude Include="Source\Core\KeyCombination\KeyCombination.h">
      <Filter>Source\Core\KeyCombination</Filter>
    </ClInclude>
    <ClInclude Include="Source\Core\KeyCombination\KeyCombinationHandler.h">
      <Filter>Source\Core\KeyCombination</Filter>
    </ClInclude>
    <ClInclude Include="Source\Core\WindowManager\WindowManager.h">
      <Filter>Source\Core\WindowManager</Filter>
    </ClInclude>
    <ClInclude Include="Source\Core\Workspaces\I8080.Workspace.h">
      <Filter>Source\Core\Workspace</Filter>
    </ClInclude>
    <ClInclude Include="Source\Core\Workspaces\I8080.WorkspaceManager.h">
      <Filter>Source\Core\Workspace</Filter>
    </ClInclude>
    <ClInclude Include="Source\Core\IntroManager\IntroManager.h">
      <Filter>Source\Core\IntroManager</Filter>
    </ClInclude>
    <ClInclude Include="Source\GUI\MainMenuBar\logo_transparent.h">
      <Filter>Source\GUI\MainMenuBar</Filter>
    </ClInclude>
    <ClInclude Include="Source\Core\Workspaces\Workspace.DefaultSave.h">
      <Filter>Source\Core\Workspace</Filter>
    </ClInclude>
  </ItemGroup>
  <ItemGroup>
    <ResourceCompile Include="I8080 Emulator.rc" />
  </ItemGroup>
  <ItemGroup>
    <Image Include="logo512_otd_icon512.ico" />
  </ItemGroup>
</Project>