<?xml version="1.0" encoding="utf-8"?>
<Project ToolsVersion="4.0" xmlns="http://schemas.microsoft.com/developer/msbuild/2003">
  <ItemGroup>
    <ClCompile Include="Third-Person\imgui.cpp">
      <Filter>Third-Party</Filter>
    </ClCompile>
    <ClCompile Include="Third-Person\imgui_demo.cpp">
      <Filter>Third-Party</Filter>
    </ClCompile>
    <ClCompile Include="Third-Person\imgui_draw.cpp">
      <Filter>Third-Party</Filter>
    </ClCompile>
    <ClCompile Include="Third-Person\imgui_impl_glfw.cpp">
      <Filter>Third-Party</Filter>
    </ClCompile>
    <ClCompile Include="Third-Person\imgui_impl_opengl3.cpp">
      <Filter>Third-Party</Filter>
    </ClCompile>
    <ClCompile Include="Third-Person\imgui_tables.cpp">
      <Filter>Third-Party</Filter>
    </ClCompile>
    <ClCompile Include="Third-Person\imgui_widgets.cpp">
      <Filter>Third-Party</Filter>
    </ClCompile>
    <ClCompile Include="Third-Person\lodepng.cpp">
      <Filter>Third-Party</Filter>
    </ClCompile>
    <ClCompile Include="Third-Person\PBO.cpp">
      <Filter>Third-Party</Filter>
    </ClCompile>
    <ClCompile Include="Main.cpp" />
    <ClCompile Include="Third-Person\TextEditor.cpp">
      <Filter>Source\UI\Widgets\CodeEditor\ThirdParty</Filter>
    </ClCompile>
    <ClCompile Include="Source\Emulator\Processors\Intel8080\I8080.cpp">
      <Filter>Source\Emulator\Processor\Processors\I8080</Filter>
    </ClCompile>
    <ClCompile Include="Source\Emulator\EmulationThread\EmulationThread.cpp">
      <Filter>Source\Emulator\EmulationThread</Filter>
    </ClCompile>
    <ClCompile Include="Source\DataStructures\ModeProject.cpp">
      <Filter>Source\DataStructures</Filter>
    </ClCompile>
    <ClCompile Include="Source\DataStructures\TypesCommand.cpp">
      <Filter>Source\DataStructures</Filter>
    </ClCompile>
    <ClCompile Include="Source\DataStructures\TypeTranslatorError.cpp">
      <Filter>Source\DataStructures</Filter>
    </ClCompile>
    <ClCompile Include="Source\FontsData\IconsFont.cpp">
      <Filter>Source\FontsData</Filter>
    </ClCompile>
    <ClCompile Include="Source\FontsData\MainFont.cpp">
      <Filter>Source\FontsData</Filter>
    </ClCompile>
    <ClCompile Include="Source\ImagesData\Image_LogoApplicationArrayPngBytes.cpp">
      <Filter>Source\ImagesData</Filter>
    </ClCompile>
    <ClCompile Include="Source\ImagesData\Image_MSDF_ATLAS.cpp">
      <Filter>Source\ImagesData</Filter>
    </ClCompile>
    <ClCompile Include="Source\ImagesData\Image_MSDF_DESIGN_8080.cpp">
      <Filter>Source\ImagesData</Filter>
    </ClCompile>
    <ClCompile Include="Source\ImagesData\Image_MSDF_DESIGN_seedLBI_production.cpp">
      <Filter>Source\ImagesData</Filter>
    </ClCompile>
    <ClCompile Include="Source\ImagesData\AuthorPicture\Image.Author.Backend.cpp">
      <Filter>Source\ImagesData\AuthorPicture</Filter>
    </ClCompile>
    <ClCompile Include="Source\ImagesData\AuthorPicture\Image.Author.Close.cpp">
      <Filter>Source\ImagesData\AuthorPicture</Filter>
    </ClCompile>
    <ClCompile Include="Source\ImagesData\AuthorPicture\Image.Author.EyeTransparent.cpp">
      <Filter>Source\ImagesData\AuthorPicture</Filter>
    </ClCompile>
    <ClCompile Include="Source\ImagesData\AuthorPicture\Image.Author.Front.cpp">
      <Filter>Source\ImagesData\AuthorPicture</Filter>
    </ClCompile>
    <ClCompile Include="Source\ImagesData\AuthorPicture\Image.Author.LeftEye.cpp">
      <Filter>Source\ImagesData\AuthorPicture</Filter>
    </ClCompile>
    <ClCompile Include="Source\ImagesData\AuthorPicture\Image.Author.RightEye.cpp">
      <Filter>Source\ImagesData\AuthorPicture</Filter>
    </ClCompile>
    <ClCompile Include="Source\OpenglWindow\OpenglWindow.cpp">
      <Filter>Source\OpenglWindow</Filter>
    </ClCompile>
    <ClCompile Include="Source\Utils\ColorUtilities.cpp">
      <Filter>Source\Utils\Color</Filter>
    </ClCompile>
    <ClCompile Include="Source\Utils\File_Utils.cpp">
      <Filter>Source\Utils\File</Filter>
    </ClCompile>
    <ClCompile Include="Source\Utils\ImGui.Utils.cpp">
      <Filter>Source\Utils\ImGui</Filter>
    </ClCompile>
    <ClCompile Include="Source\Utils\Keyboard.Utils.cpp">
      <Filter>Source\Utils\Keyboard</Filter>
    </ClCompile>
    <ClCompile Include="Source\Utils\MathUtils.cpp">
      <Filter>Source\Utils\Math</Filter>
    </ClCompile>
    <ClCompile Include="Source\Utils\TextUtils.cpp">
      <Filter>Source\Utils\Text</Filter>
    </ClCompile>
    <ClCompile Include="Source\Utils\Unicode.cpp">
      <Filter>Source\Utils\Text</Filter>
    </ClCompile>
    <ClCompile Include="Source\Utils\UTF8.cpp">
      <Filter>Source\Utils\Text</Filter>
    </ClCompile>
    <ClCompile Include="Source\UI\AuthorPopup\AuthorPopup.cpp">
      <Filter>Source\UI\AuthorPopup</Filter>
    </ClCompile>
    <ClCompile Include="Source\UI\FontManager\FontManager.cpp">
      <Filter>Source\UI\FontManager</Filter>
    </ClCompile>
    <ClCompile Include="Source\UI\KeyCombination\KeyCombinationHandler.cpp">
      <Filter>Source\UI\KeyCombination</Filter>
    </ClCompile>
    <ClCompile Include="Source\UI\LastPathManager\LastPathManager.cpp">
      <Filter>Source\UI\LastPathManager</Filter>
    </ClCompile>
    <ClCompile Include="Source\Notification\Notification.cpp">
      <Filter>Source\UI\Notification</Filter>
    </ClCompile>
    <ClCompile Include="Source\Notification\Notification.Progress.cpp">
      <Filter>Source\UI\Notification\Elements\Progress</Filter>
    </ClCompile>
    <ClCompile Include="Source\Notification\Notification.Message.cpp">
      <Filter>Source\UI\Notification\Elements\Message</Filter>
    </ClCompile>
    <ClCompile Include="Source\Notification\NotificationManager.cpp">
      <Filter>Source\UI\Notification\Elements</Filter>
    </ClCompile>
    <ClCompile Include="Source\Notification\interface\Notification.Element.cpp">
      <Filter>Source\UI\Notification\Elements\interface</Filter>
    </ClCompile>
    <ClCompile Include="Source\UI\ProjectManager\ProjectManager.cpp">
      <Filter>Source\UI\ProjectManager</Filter>
    </ClCompile>
    <ClCompile Include="Source\SaveSystem\SaveSystem.cpp">
      <Filter>Source\UI\SaveSystem</Filter>
    </ClCompile>
    <ClCompile Include="Source\SaveSystem\SaveSystemManager.cpp">
      <Filter>Source\UI\SaveSystem</Filter>
    </ClCompile>
    <ClCompile Include="Source\SaveSystem\DefaultSaveData.cpp">
      <Filter>Source\UI\SaveSystem\DefaultSave</Filter>
    </ClCompile>
    <ClCompile Include="Source\UI\Setting\ISettingDrawable.cpp">
      <Filter>Source\UI\Setting</Filter>
    </ClCompile>
    <ClCompile Include="Source\UI\Setting\ISettingObject.cpp">
      <Filter>Source\UI\Setting</Filter>
    </ClCompile>
    <ClCompile Include="Source\UI\Setting\ISettingSavable.cpp">
      <Filter>Source\UI\Setting</Filter>
    </ClCompile>
    <ClCompile Include="Source\UI\Setting\Setting.cpp">
      <Filter>Source\UI\Setting</Filter>
    </ClCompile>
    <ClCompile Include="Source\UI\Widget\I8080.Widget.cpp">
      <Filter>Source\UI\Widget</Filter>
    </ClCompile>
    <ClCompile Include="Source\UI\Widget\I8080.WidgetManager.cpp">
      <Filter>Source\UI\Widget</Filter>
    </ClCompile>
    <ClCompile Include="Source\UI\I8080.UI.cpp">
      <Filter>Source\UI</Filter>
    </ClCompile>
    <ClCompile Include="Source\UI\WindowManager\WindowManager.cpp">
      <Filter>Source\UI\WindowManager</Filter>
    </ClCompile>
    <ClCompile Include="Source\UI\Workspaces\I8080.Workspace.cpp">
      <Filter>Source\UI\Workspaces</Filter>
    </ClCompile>
    <ClCompile Include="Source\UI\Workspaces\I8080.WorkspaceManager.cpp">
      <Filter>Source\UI\Workspaces</Filter>
    </ClCompile>
    <ClCompile Include="Source\UI\Widgets\I8080.UI.CodeEditor.cpp">
      <Filter>Source\UI\Widgets\CodeEditor</Filter>
    </ClCompile>
    <ClCompile Include="Source\UI\Widgets\I8080.UI.ColorPicker.cpp">
      <Filter>Source\UI\Widgets\ColorPicker</Filter>
    </ClCompile>
    <ClCompile Include="Source\UI\Widgets\I8080.UI.ConstList.cpp">
      <Filter>Source\UI\Widgets\ConstList</Filter>
    </ClCompile>
    <ClCompile Include="Source\UI\Widgets\I8080.UI.Disassembler.cpp">
      <Filter>Source\UI\Widgets\Заброшено\Disassembler %28Забросил%29</Filter>
    </ClCompile>
    <ClCompile Include="Source\UI\Widgets\I8080.UI.EmulatorInfo.cpp">
      <Filter>Source\UI\Widgets\EmulatorInfo</Filter>
    </ClCompile>
    <ClCompile Include="Source\UI\Widgets\I8080.UI.Help.cpp">
      <Filter>Source\UI\Widgets\Help</Filter>
    </ClCompile>
    <ClCompile Include="Source\UI\Widgets\I8080.UI.HexViewer.cpp">
      <Filter>Source\UI\Widgets\HexViewer</Filter>
    </ClCompile>
    <ClCompile Include="Source\UI\Widgets\I8080.UI.Input0x08.cpp">
      <Filter>Source\UI\Widgets\Input0x08</Filter>
    </ClCompile>
    <ClCompile Include="Source\UI\Widgets\I8080.UI.Keyboard.cpp">
      <Filter>Source\UI\Widgets\Keyboard</Filter>
    </ClCompile>
    <ClCompile Include="Source\UI\Widgets\I8080.UI.MarkerList.cpp">
      <Filter>Source\UI\Widgets\MarkerList</Filter>
    </ClCompile>
    <ClCompile Include="Source\UI\Widgets\I8080.UI.MemoryMonoPixelScreen.cpp">
      <Filter>Source\UI\Widgets\Заброшено\MemoryMonoPixelScreen %28Забросил%29</Filter>
    </ClCompile>
    <ClCompile Include="Source\UI\Widgets\I8080.UI.MnemoCodeViewer.cpp">
      <Filter>Source\UI\Widgets\MnemoCodeViewer</Filter>
    </ClCompile>
    <ClCompile Include="Source\UI\Widgets\I8080.UI.Output0x02.cpp">
      <Filter>Source\UI\Widgets\Output0x02</Filter>
    </ClCompile>
    <ClCompile Include="Source\UI\Widgets\I8080.UI.PixelScreen.cpp">
      <Filter>Source\UI\Widgets\PixelScreen</Filter>
    </ClCompile>
    <ClCompile Include="Source\UI\Widgets\I8080.UI.PixelScreenTwoBuffers.cpp">
      <Filter>Source\UI\Widgets\PixelScreenTwoBuffers</Filter>
    </ClCompile>
    <ClCompile Include="Source\UI\Widgets\I8080.UI.RegisterFlagsInfo.cpp">
      <Filter>Source\UI\Widgets\RegisterFlagsInfo</Filter>
    </ClCompile>
    <ClCompile Include="Source\UI\Widgets\I8080.UI.SymbolPicker.cpp">
      <Filter>Source\UI\Widgets\SymbolPicker</Filter>
    </ClCompile>
    <ClCompile Include="Source\UI\Widgets\I8080.UI.SymbolScreen.cpp">
      <Filter>Source\UI\Widgets\SymbolScreen</Filter>
    </ClCompile>
    <ClCompile Include="Source\UI\Widgets\I8080.UI.Timer.cpp">
      <Filter>Source\UI\Widgets\Timer</Filter>
    </ClCompile>
    <ClCompile Include="Source\UI\Widgets\I8080.UI.VarList.cpp">
      <Filter>Source\UI\Widgets\VarList</Filter>
    </ClCompile>
    <ClCompile Include="Source\Emulator\Processors\Intel8080\Disassembler\I8080.Disassembler.cpp">
      <Filter>Source\Emulator\Processor\Processors\I8080\Disassembler</Filter>
    </ClCompile>
    <ClCompile Include="Source\Emulator\Processors\Processor.cpp">
      <Filter>Source\Emulator\Processor</Filter>
    </ClCompile>
    <ClCompile Include="Source\Emulator\Processors\Intel8080\History\Momento\I8080.Momento.cpp">
      <Filter>Source\Emulator\Processor\Processors\I8080\History\Momento</Filter>
    </ClCompile>
    <ClCompile Include="Source\Emulator\Processors\Intel8080\History\Caretaker\I8080.Caretaker.Momento.cpp">
      <Filter>Source\Emulator\Processor\Processors\I8080\History\Caretaker</Filter>
    </ClCompile>
    <ClCompile Include="Source\Emulator\History\Momento.cpp">
      <Filter>Source\Emulator\HistoryObjects</Filter>
    </ClCompile>
    <ClCompile Include="Source\Emulator\History\Caretaker.Momento.cpp">
      <Filter>Source\Emulator\HistoryObjects</Filter>
    </ClCompile>
    <ClCompile Include="Source\Emulator\History\Originator.Momento.cpp">
      <Filter>Source\Emulator\HistoryObjects</Filter>
    </ClCompile>
    <ClCompile Include="Source\Emulator\EmulationControls\EmulationControls.cpp">
      <Filter>Source\Emulator\EmulationControls</Filter>
    </ClCompile>
    <ClCompile Include="Source\UI\Widgets\UI.HistoryInstruction.cpp">
      <Filter>Source\UI\Widgets\HistoryInstruction</Filter>
    </ClCompile>
    <ClCompile Include="Source\DataStructures\RingBuffer.cpp">
      <Filter>Source\DataStructures</Filter>
    </ClCompile>
    <ClCompile Include="Source\Emulator\Port\I8080.Port.cpp">
      <Filter>Source\Emulator\Port</Filter>
    </ClCompile>
    <ClCompile Include="Source\Emulator\Port\Timer\Momento\Timer.Momento.cpp">
      <Filter>Source\Emulator\Port\Timer\Momento</Filter>
    </ClCompile>
    <ClCompile Include="Source\Emulator\Port\Timer\I8080.Port.Timer.cpp">
      <Filter>Source\Emulator\Port\Timer</Filter>
    </ClCompile>
    <ClCompile Include="Source\Emulator\Port\SymbolScreen\Momento\SymbolScreen.Momento.cpp">
      <Filter>Source\Emulator\Port\SymbolScreen\Momento</Filter>
    </ClCompile>
    <ClCompile Include="Source\Emulator\Port\SymbolScreen\I8080.Port.SymbolScreen.cpp">
      <Filter>Source\Emulator\Port\SymbolScreen</Filter>
    </ClCompile>
    <ClCompile Include="Source\Emulator\Port\PixelScreenTwoBuffers\I8080.Port.PixelScreenTwoBuffers.cpp">
      <Filter>Source\Emulator\Port\PixelScreenTwoBuffers</Filter>
    </ClCompile>
    <ClCompile Include="Source\Emulator\Port\PixelScreenTwoBuffers\Momento\PixelScreenTwoBuffers.Momento.cpp">
      <Filter>Source\Emulator\Port\PixelScreenTwoBuffers\Momento</Filter>
    </ClCompile>
    <ClCompile Include="Source\Emulator\Port\PixelScreen\I8080.Port.PixelScreen.cpp">
      <Filter>Source\Emulator\Port\PixelScreen</Filter>
    </ClCompile>
    <ClCompile Include="Source\Emulator\Port\PixelScreen\Momento\PixelScreen.Momento.cpp">
      <Filter>Source\Emulator\Port\PixelScreen\Momento</Filter>
    </ClCompile>
    <ClCompile Include="Source\Emulator\Port\GeneratorRandomValues\I8080.Port.GeneratorRandomValues.cpp">
      <Filter>Source\Emulator\Port\GeneratorRandomValues</Filter>
    </ClCompile>
    <ClCompile Include="Source\Emulator\Port\GeneratorRandomValues\Momento\GeneratorRandomValues.Momento.cpp">
      <Filter>Source\Emulator\Port\GeneratorRandomValues\Momento</Filter>
    </ClCompile>
    <ClCompile Include="Source\Emulator\Port\ConsoleOutput\I8080.Port.ConsoleOutput.cpp">
      <Filter>Source\Emulator\Port\ConsoleOutput</Filter>
    </ClCompile>
    <ClCompile Include="Source\Emulator\Port\ConsoleOutput\Momento\ConsoleOutput.Momento.cpp">
      <Filter>Source\Emulator\Port\ConsoleOutput\Momento</Filter>
    </ClCompile>
    <ClCompile Include="Source\Emulator\Port\AsyncKeyboard\I8080.Port.AsyncKeyboard.cpp">
      <Filter>Source\Emulator\Port\AsyncKeyboard</Filter>
    </ClCompile>
    <ClCompile Include="Source\Emulator\Port\AsyncKeyboard\Momento\AsyncKeyboard.Momento.cpp">
      <Filter>Source\Emulator\Port\AsyncKeyboard\Momento</Filter>
    </ClCompile>
    <ClCompile Include="Source\Emulator\Processors\Intel8080\InfoInstruction\InfoInstruction.Data.cpp">
      <Filter>Source\Emulator\Processor\Processors\I8080\InfoInstruction</Filter>
    </ClCompile>
    <ClCompile Include="Source\Emulator\Processors\Intel8080\InfoInstruction\InfoInstruction.Display.cpp">
      <Filter>Source\Emulator\Processor\Processors\I8080\InfoInstruction</Filter>
    </ClCompile>
    <ClCompile Include="Source\Emulator\Processors\Intel8080\InfoInstruction\InfoInstruction.Structures.cpp">
      <Filter>Source\Emulator\Processor\Processors\I8080\InfoInstruction</Filter>
    </ClCompile>
    <ClCompile Include="Source\UI\Widgets\UI.ListInstruction.cpp">
      <Filter>Source\UI\Widgets\Заброшено\ListInstruction %28Забросил%29</Filter>
    </ClCompile>
    <ClCompile Include="Source\Utils\Values\Values.Utils.cpp">
      <Filter>Source\Utils</Filter>
    </ClCompile>
    <ClCompile Include="Source\UI\Widgets\UI.TableInstruction.cpp">
      <Filter>Source\UI\Widgets\TableInstruction</Filter>
    </ClCompile>
    <ClCompile Include="Source\UI\Theme\interface\IThemeLoadable.cpp">
      <Filter>Source\UI\Theme\interface</Filter>
    </ClCompile>
    <ClCompile Include="Source\UI\Theme\ThemeManager\ThemeManager.cpp">
      <Filter>Source\UI\Theme\Manager</Filter>
    </ClCompile>
    <ClCompile Include="Source\UI\Theme\BaseColors\BaseColors.cpp">
      <Filter>Source\UI\Theme\BaseColors</Filter>
    </ClCompile>
    <ClCompile Include="Source\UI\HighlighterInstruction\I8080\I8080.HighlighterInstruction.cpp">
      <Filter>Source\UI\HighlighterInstruction\Intel8080</Filter>
    </ClCompile>
    <ClCompile Include="Source\UI\HighlighterInstruction\Highlighter.cpp">
      <Filter>Source\UI\HighlighterInstruction</Filter>
    </ClCompile>
    <ClCompile Include="Source\UI\Widgets\I8080.UI.MnemoCodeViewerTargeted.cpp">
      <Filter>Source\UI\Widgets\MnemoCodeViewer%28Targeted%29</Filter>
    </ClCompile>
    <ClCompile Include="Source\Emulator\Compiler\Compiler.cpp">
      <Filter>Source\Emulator\Compiler</Filter>
    </ClCompile>
    <ClCompile Include="Source\Emulator\Processors\Intel8080\Compiler\I8080.Compiler.cpp">
      <Filter>Source\Emulator\Processor\Processors\I8080\Compiler</Filter>
    </ClCompile>
    <ClCompile Include="Source\UI\IntroManager\IntroManager.cpp">
      <Filter>Source\UI\IntroManager</Filter>
    </ClCompile>
  </ItemGroup>
  <ItemGroup>
    <ClInclude Include="Third-Person\IconFontCppHeaders\IconsFontAwesome6.h">
      <Filter>Third-Party</Filter>
    </ClInclude>
    <ClInclude Include="Third-Person\imconfig.h">
      <Filter>Third-Party</Filter>
    </ClInclude>
    <ClInclude Include="Third-Person\imgui.h">
      <Filter>Third-Party</Filter>
    </ClInclude>
    <ClInclude Include="Third-Person\imgui_impl_glfw.h">
      <Filter>Third-Party</Filter>
    </ClInclude>
    <ClInclude Include="Third-Person\imgui_impl_opengl3.h">
      <Filter>Third-Party</Filter>
    </ClInclude>
    <ClInclude Include="Third-Person\imgui_impl_opengl3_loader.h">
      <Filter>Third-Party</Filter>
    </ClInclude>
    <ClInclude Include="Third-Person\imgui_internal.h">
      <Filter>Third-Party</Filter>
    </ClInclude>
    <ClInclude Include="Third-Person\imgui_markdown.h">
      <Filter>Third-Party</Filter>
    </ClInclude>
    <ClInclude Include="Third-Person\imstb_rectpack.h">
      <Filter>Third-Party</Filter>
    </ClInclude>
    <ClInclude Include="Third-Person\imstb_textedit.h">
      <Filter>Third-Party</Filter>
    </ClInclude>
    <ClInclude Include="Third-Person\imstb_truetype.h">
      <Filter>Third-Party</Filter>
    </ClInclude>
    <ClInclude Include="Third-Person\linmath.h">
      <Filter>Third-Party</Filter>
    </ClInclude>
    <ClInclude Include="Third-Person\lodepng.h">
      <Filter>Third-Party</Filter>
    </ClInclude>
    <ClInclude Include="Third-Person\PBO.h">
      <Filter>Third-Party</Filter>
    </ClInclude>
    <ClInclude Include="resource.h">
      <Filter>Third-Party</Filter>
    </ClInclude>
    <ClInclude Include="Third-Person\TextEditor.h">
      <Filter>Source\UI\Widgets\CodeEditor\ThirdParty</Filter>
    </ClInclude>
    <ClInclude Include="Source\Emulator\Processors\Intel8080\I8080.h">
      <Filter>Source\Emulator\Processor\Processors\I8080</Filter>
    </ClInclude>
    <ClInclude Include="Source\Emulator\EmulationThread\EmulationThread.h">
      <Filter>Source\Emulator\EmulationThread</Filter>
    </ClInclude>
    <ClInclude Include="Source\DataStructures\CurrentStateProcessor.h">
      <Filter>Source\DataStructures</Filter>
    </ClInclude>
    <ClInclude Include="Source\DataStructures\ModeProject.h">
      <Filter>Source\DataStructures</Filter>
    </ClInclude>
    <ClInclude Include="Source\DataStructures\OpcodeAdressed.h">
      <Filter>Source\DataStructures</Filter>
    </ClInclude>
    <ClInclude Include="Source\DataStructures\TranslatorOutput.h">
      <Filter>Source\DataStructures</Filter>
    </ClInclude>
    <ClInclude Include="Source\DataStructures\TypesCommand.h">
      <Filter>Source\DataStructures</Filter>
    </ClInclude>
    <ClInclude Include="Source\DataStructures\TypeTranslatorError.h">
      <Filter>Source\DataStructures</Filter>
    </ClInclude>
    <ClInclude Include="Source\DataStructures\VarsDebug.h">
      <Filter>Source\DataStructures</Filter>
    </ClInclude>
    <ClInclude Include="Source\FontsData\IconsFont.h">
      <Filter>Source\FontsData</Filter>
    </ClInclude>
    <ClInclude Include="Source\FontsData\MainFont.h">
      <Filter>Source\FontsData</Filter>
    </ClInclude>
    <ClInclude Include="Source\ImagesData\Image_LogoApplicationArrayPngBytes.h">
      <Filter>Source\ImagesData</Filter>
    </ClInclude>
    <ClInclude Include="Source\ImagesData\Image_MSDF_ATLAS.h">
      <Filter>Source\ImagesData</Filter>
    </ClInclude>
    <ClInclude Include="Source\ImagesData\Image_MSDF_DESIGN_8080.h">
      <Filter>Source\ImagesData</Filter>
    </ClInclude>
    <ClInclude Include="Source\ImagesData\Image_MSDF_DESIGN_seedLBI_production.h">
      <Filter>Source\ImagesData</Filter>
    </ClInclude>
    <ClInclude Include="Source\ImagesData\AuthorPicture\Image.Author.Backend.h">
      <Filter>Source\ImagesData\AuthorPicture</Filter>
    </ClInclude>
    <ClInclude Include="Source\ImagesData\AuthorPicture\Image.Author.Close.h">
      <Filter>Source\ImagesData\AuthorPicture</Filter>
    </ClInclude>
    <ClInclude Include="Source\ImagesData\AuthorPicture\Image.Author.EyeTransparent.h">
      <Filter>Source\ImagesData\AuthorPicture</Filter>
    </ClInclude>
    <ClInclude Include="Source\ImagesData\AuthorPicture\Image.Author.Front.h">
      <Filter>Source\ImagesData\AuthorPicture</Filter>
    </ClInclude>
    <ClInclude Include="Source\ImagesData\AuthorPicture\Image.Author.LeftEye.h">
      <Filter>Source\ImagesData\AuthorPicture</Filter>
    </ClInclude>
    <ClInclude Include="Source\ImagesData\AuthorPicture\Image.Author.RightEye.h">
      <Filter>Source\ImagesData\AuthorPicture</Filter>
    </ClInclude>
    <ClInclude Include="Source\OpenglWindow\OpenglWindow.h">
      <Filter>Source\OpenglWindow</Filter>
    </ClInclude>
    <ClInclude Include="Source\Scene_Intro\I8080.Scene.Intro.h">
      <Filter>Source\Scene_Intro</Filter>
    </ClInclude>
    <ClInclude Include="Source\Scene_Intro\Shaders\Intro.Shader.Fragment.CreatingVelocity.h">
      <Filter>Source\Scene_Intro\Shaders</Filter>
    </ClInclude>
    <ClInclude Include="Source\Scene_Intro\Shaders\Intro.Shader.Fragment.FinalImage.h">
      <Filter>Source\Scene_Intro\Shaders</Filter>
    </ClInclude>
    <ClInclude Include="Source\Scene_Intro\Shaders\Intro.Shader.Fragment.GradientMSDF.h">
      <Filter>Source\Scene_Intro\Shaders</Filter>
    </ClInclude>
    <ClInclude Include="Source\Scene_Intro\Shaders\Intro.Shader.Fragment.Solid.h">
      <Filter>Source\Scene_Intro\Shaders</Filter>
    </ClInclude>
    <ClInclude Include="Source\Scene_Intro\Shaders\Intro.Shader.Fragment.SolidMSDF.h">
      <Filter>Source\Scene_Intro\Shaders</Filter>
    </ClInclude>
    <ClInclude Include="Source\Scene_Intro\Shaders\Intro.Shader.Vertex.DefaultObject.h">
      <Filter>Source\Scene_Intro\Shaders</Filter>
    </ClInclude>
    <ClInclude Include="Source\Scene_Intro\Shaders\Intro.Shader.Vertex.VelocityObject.h">
      <Filter>Source\Scene_Intro\Shaders</Filter>
    </ClInclude>
    <ClInclude Include="Source\Scene_Intro\Shaders\Intro.Shaders.h">
      <Filter>Source\Scene_Intro\Shaders</Filter>
    </ClInclude>
    <ClInclude Include="Source\Shader\Shader.h">
      <Filter>Source\Shader</Filter>
    </ClInclude>
    <ClInclude Include="Source\Config_Compilier.h">
      <Filter>Source\Utils</Filter>
    </ClInclude>
    <ClInclude Include="Source\Utils\ColorUtilities.h">
      <Filter>Source\Utils\Color</Filter>
    </ClInclude>
    <ClInclude Include="Source\Utils\File_Utils.h">
      <Filter>Source\Utils\File</Filter>
    </ClInclude>
    <ClInclude Include="Source\Utils\ImGui.Utils.h">
      <Filter>Source\Utils\ImGui</Filter>
    </ClInclude>
    <ClInclude Include="Source\Utils\Keyboard.Utils.h">
      <Filter>Source\Utils\Keyboard</Filter>
    </ClInclude>
    <ClInclude Include="Source\Utils\MathUtils.h">
      <Filter>Source\Utils\Math</Filter>
    </ClInclude>
    <ClInclude Include="Source\Utils\TextUtils.h">
      <Filter>Source\Utils\Text</Filter>
    </ClInclude>
    <ClInclude Include="Source\Utils\Unicode.h">
      <Filter>Source\Utils\Text</Filter>
    </ClInclude>
    <ClInclude Include="Source\Utils\UTF8.h">
      <Filter>Source\Utils\Text</Filter>
    </ClInclude>
    <ClInclude Include="Source\UI\AuthorPopup\AuthorPopup.h">
      <Filter>Source\UI\AuthorPopup</Filter>
    </ClInclude>
    <ClInclude Include="Source\UI\AuthorPopup\OpenglTexture.h">
      <Filter>Source\UI\AuthorPopup</Filter>
    </ClInclude>
    <ClInclude Include="Source\UI\FontManager\FontManager.h">
      <Filter>Source\UI\FontManager</Filter>
    </ClInclude>
    <ClInclude Include="Source\UI\KeyCombination\KeyCombination.h">
      <Filter>Source\UI\KeyCombination</Filter>
    </ClInclude>
    <ClInclude Include="Source\UI\KeyCombination\KeyCombinationHandler.h">
      <Filter>Source\UI\KeyCombination</Filter>
    </ClInclude>
    <ClInclude Include="Source\UI\LastPathManager\LastPathManager.h">
      <Filter>Source\UI\LastPathManager</Filter>
    </ClInclude>
    <ClInclude Include="Source\Notification\Notification.h">
      <Filter>Source\UI\Notification</Filter>
    </ClInclude>
    <ClInclude Include="Source\Notification\Notification.Progress.h">
      <Filter>Source\UI\Notification\Elements\Progress</Filter>
    </ClInclude>
    <ClInclude Include="Source\Notification\Notification.Message.h">
      <Filter>Source\UI\Notification\Elements\Message</Filter>
    </ClInclude>
    <ClInclude Include="Source\Notification\NotificationManager.h">
      <Filter>Source\UI\Notification\Elements</Filter>
    </ClInclude>
    <ClInclude Include="Source\Notification\interface\Notification.Element.h">
      <Filter>Source\UI\Notification\Elements\interface</Filter>
    </ClInclude>
    <ClInclude Include="Source\UI\ProjectManager\ProjectManager.h">
      <Filter>Source\UI\ProjectManager</Filter>
    </ClInclude>
    <ClInclude Include="Source\SaveSystem\SaveSystem.h">
      <Filter>Source\UI\SaveSystem</Filter>
    </ClInclude>
    <ClInclude Include="Source\SaveSystem\SaveSystemManager.h">
      <Filter>Source\UI\SaveSystem</Filter>
    </ClInclude>
    <ClInclude Include="Source\SaveSystem\DefaultSaveData.h">
      <Filter>Source\UI\SaveSystem\DefaultSave</Filter>
    </ClInclude>
    <ClInclude Include="Source\UI\Setting\ISettingDrawable.h">
      <Filter>Source\UI\Setting</Filter>
    </ClInclude>
    <ClInclude Include="Source\UI\Setting\ISettingObject.h">
      <Filter>Source\UI\Setting</Filter>
    </ClInclude>
    <ClInclude Include="Source\UI\Setting\ISettingSavable.h">
      <Filter>Source\UI\Setting</Filter>
    </ClInclude>
    <ClInclude Include="Source\UI\Setting\Setting.h">
      <Filter>Source\UI\Setting</Filter>
    </ClInclude>
    <ClInclude Include="Source\UI\Widget\I8080.Widget.h">
      <Filter>Source\UI\Widget</Filter>
    </ClInclude>
    <ClInclude Include="Source\UI\Widget\I8080.WidgetManager.h">
      <Filter>Source\UI\Widget</Filter>
    </ClInclude>
    <ClInclude Include="Source\UI\I8080.UI.h">
      <Filter>Source\UI</Filter>
    </ClInclude>
    <ClInclude Include="Source\UI\WindowManager\WindowManager.h">
      <Filter>Source\UI\WindowManager</Filter>
    </ClInclude>
    <ClInclude Include="Source\UI\Workspaces\I8080.Workspace.h">
      <Filter>Source\UI\Workspaces</Filter>
    </ClInclude>
    <ClInclude Include="Source\UI\Workspaces\I8080.WorkspaceManager.h">
      <Filter>Source\UI\Workspaces</Filter>
    </ClInclude>
    <ClInclude Include="Source\UI\Widgets\I8080.UI.CodeEditor.h">
      <Filter>Source\UI\Widgets\CodeEditor</Filter>
    </ClInclude>
    <ClInclude Include="Source\UI\Widgets\I8080.UI.ColorPicker.h">
      <Filter>Source\UI\Widgets\ColorPicker</Filter>
    </ClInclude>
    <ClInclude Include="Source\UI\Widgets\I8080.UI.ConstList.h">
      <Filter>Source\UI\Widgets\ConstList</Filter>
    </ClInclude>
    <ClInclude Include="Source\UI\Widgets\I8080.UI.Disassembler.h">
      <Filter>Source\UI\Widgets\Заброшено\Disassembler %28Забросил%29</Filter>
    </ClInclude>
    <ClInclude Include="Source\UI\Widgets\I8080.UI.EmulatorInfo.h">
      <Filter>Source\UI\Widgets\EmulatorInfo</Filter>
    </ClInclude>
    <ClInclude Include="Source\UI\Widgets\I8080.UI.Help.h">
      <Filter>Source\UI\Widgets\Help</Filter>
    </ClInclude>
    <ClInclude Include="Source\UI\Widgets\I8080.UI.HexViewer.h">
      <Filter>Source\UI\Widgets\HexViewer</Filter>
    </ClInclude>
    <ClInclude Include="Source\UI\Widgets\I8080.UI.Input0x08.h">
      <Filter>Source\UI\Widgets\Input0x08</Filter>
    </ClInclude>
    <ClInclude Include="Source\UI\Widgets\I8080.UI.Keyboard.h">
      <Filter>Source\UI\Widgets\Keyboard</Filter>
    </ClInclude>
    <ClInclude Include="Source\UI\Widgets\I8080.UI.MarkerList.h">
      <Filter>Source\UI\Widgets\MarkerList</Filter>
    </ClInclude>
    <ClInclude Include="Source\UI\Widgets\I8080.UI.MemoryMonoPixelScreen.h">
      <Filter>Source\UI\Widgets\Заброшено\MemoryMonoPixelScreen %28Забросил%29</Filter>
    </ClInclude>
    <ClInclude Include="Source\UI\Widgets\I8080.UI.MnemoCodeViewer.h">
      <Filter>Source\UI\Widgets\MnemoCodeViewer</Filter>
    </ClInclude>
    <ClInclude Include="Source\UI\Widgets\I8080.UI.Output0x02.h">
      <Filter>Source\UI\Widgets\Output0x02</Filter>
    </ClInclude>
    <ClInclude Include="Source\UI\Widgets\I8080.UI.PixelScreen.h">
      <Filter>Source\UI\Widgets\PixelScreen</Filter>
    </ClInclude>
    <ClInclude Include="Source\UI\Widgets\I8080.UI.PixelScreenTwoBuffers.h">
      <Filter>Source\UI\Widgets\PixelScreenTwoBuffers</Filter>
    </ClInclude>
    <ClInclude Include="Source\UI\Widgets\I8080.UI.RegisterFlagsInfo.h">
      <Filter>Source\UI\Widgets\RegisterFlagsInfo</Filter>
    </ClInclude>
    <ClInclude Include="Source\UI\Widgets\I8080.UI.SymbolPicker.h">
      <Filter>Source\UI\Widgets\SymbolPicker</Filter>
    </ClInclude>
    <ClInclude Include="Source\UI\Widgets\I8080.UI.SymbolScreen.h">
      <Filter>Source\UI\Widgets\SymbolScreen</Filter>
    </ClInclude>
    <ClInclude Include="Source\UI\Widgets\I8080.UI.Timer.h">
      <Filter>Source\UI\Widgets\Timer</Filter>
    </ClInclude>
    <ClInclude Include="Source\UI\Widgets\I8080.UI.VarList.h">
      <Filter>Source\UI\Widgets\VarList</Filter>
    </ClInclude>
    <ClInclude Include="Source\Emulator\Processors\Processor.h">
      <Filter>Source\Emulator\Processor</Filter>
    </ClInclude>
    <ClInclude Include="Source\Emulator\Processors\Intel8080\Disassembler\I8080.Disassembler.h">
      <Filter>Source\Emulator\Processor\Processors\I8080\Disassembler</Filter>
    </ClInclude>
    <ClInclude Include="Source\Emulator\Processors\Intel8080\History\Momento\I8080.Momento.h">
      <Filter>Source\Emulator\Processor\Processors\I8080\History\Momento</Filter>
    </ClInclude>
    <ClInclude Include="Source\Emulator\Processors\Intel8080\History\Caretaker\I8080.Caretaker.Momento.h">
      <Filter>Source\Emulator\Processor\Processors\I8080\History\Caretaker</Filter>
    </ClInclude>
    <ClInclude Include="Source\Emulator\History\Momento.h">
      <Filter>Source\Emulator\HistoryObjects</Filter>
    </ClInclude>
    <ClInclude Include="Source\Emulator\History\Caretaker.Momento.h">
      <Filter>Source\Emulator\HistoryObjects</Filter>
    </ClInclude>
    <ClInclude Include="Source\Emulator\History\Originator.Momento.h">
      <Filter>Source\Emulator\HistoryObjects</Filter>
    </ClInclude>
    <ClInclude Include="Source\Emulator\EmulationControls\EmulationControls.h">
      <Filter>Source\Emulator\EmulationControls</Filter>
    </ClInclude>
    <ClInclude Include="Source\UI\Widgets\UI.HistoryInstruction.h">
      <Filter>Source\UI\Widgets\HistoryInstruction</Filter>
    </ClInclude>
    <ClInclude Include="Source\DataStructures\RingBuffer.h">
      <Filter>Source\DataStructures</Filter>
    </ClInclude>
    <ClInclude Include="Source\Emulator\Port\I8080.Port.h">
      <Filter>Source\Emulator\Port</Filter>
    </ClInclude>
    <ClInclude Include="Source\Emulator\Port\Timer\Momento\Timer.Momento.h">
      <Filter>Source\Emulator\Port\Timer\Momento</Filter>
    </ClInclude>
    <ClInclude Include="Source\Emulator\Port\Timer\I8080.Port.Timer.h">
      <Filter>Source\Emulator\Port\Timer</Filter>
    </ClInclude>
    <ClInclude Include="Source\Emulator\Port\SymbolScreen\Momento\SymbolScreen.Momento.h">
      <Filter>Source\Emulator\Port\SymbolScreen\Momento</Filter>
    </ClInclude>
    <ClInclude Include="Source\Emulator\Port\SymbolScreen\I8080.Port.SymbolScreen.h">
      <Filter>Source\Emulator\Port\SymbolScreen</Filter>
    </ClInclude>
    <ClInclude Include="Source\Emulator\Port\PixelScreenTwoBuffers\I8080.Port.PixelScreenTwoBuffers.h">
      <Filter>Source\Emulator\Port\PixelScreenTwoBuffers</Filter>
    </ClInclude>
    <ClInclude Include="Source\Emulator\Port\PixelScreenTwoBuffers\Momento\PixelScreenTwoBuffers.Momento.h">
      <Filter>Source\Emulator\Port\PixelScreenTwoBuffers\Momento</Filter>
    </ClInclude>
    <ClInclude Include="Source\Emulator\Port\PixelScreen\I8080.Port.PixelScreen.h">
      <Filter>Source\Emulator\Port\PixelScreen</Filter>
    </ClInclude>
    <ClInclude Include="Source\Emulator\Port\PixelScreen\Momento\PixelScreen.Momento.h">
      <Filter>Source\Emulator\Port\PixelScreen\Momento</Filter>
    </ClInclude>
    <ClInclude Include="Source\Emulator\Port\GeneratorRandomValues\I8080.Port.GeneratorRandomValues.h">
      <Filter>Source\Emulator\Port\GeneratorRandomValues</Filter>
    </ClInclude>
    <ClInclude Include="Source\Emulator\Port\GeneratorRandomValues\Momento\GeneratorRandomValues.Momento.h">
      <Filter>Source\Emulator\Port\GeneratorRandomValues\Momento</Filter>
    </ClInclude>
    <ClInclude Include="Source\Emulator\Port\ConsoleOutput\I8080.Port.ConsoleOutput.h">
      <Filter>Source\Emulator\Port\ConsoleOutput</Filter>
    </ClInclude>
    <ClInclude Include="Source\Emulator\Port\ConsoleOutput\Momento\ConsoleOutput.Momento.h">
      <Filter>Source\Emulator\Port\ConsoleOutput\Momento</Filter>
    </ClInclude>
    <ClInclude Include="Source\Emulator\Port\AsyncKeyboard\I8080.Port.AsyncKeyboard.h">
      <Filter>Source\Emulator\Port\AsyncKeyboard</Filter>
    </ClInclude>
    <ClInclude Include="Source\Emulator\Port\AsyncKeyboard\Momento\AsyncKeyboard.Momento.h">
      <Filter>Source\Emulator\Port\AsyncKeyboard\Momento</Filter>
    </ClInclude>
    <ClInclude Include="Source\Emulator\Processors\Intel8080\InfoInstruction\InfoInstruction.Data.h">
      <Filter>Source\Emulator\Processor\Processors\I8080\InfoInstruction</Filter>
    </ClInclude>
    <ClInclude Include="Source\Emulator\Processors\Intel8080\InfoInstruction\InfoInstruction.Display.h">
      <Filter>Source\Emulator\Processor\Processors\I8080\InfoInstruction</Filter>
    </ClInclude>
    <ClInclude Include="Source\Emulator\Processors\Intel8080\InfoInstruction\InfoInstruction.Structures.h">
      <Filter>Source\Emulator\Processor\Processors\I8080\InfoInstruction</Filter>
    </ClInclude>
    <ClInclude Include="Source\UI\Widgets\UI.ListInstruction.h">
      <Filter>Source\UI\Widgets\Заброшено\ListInstruction %28Забросил%29</Filter>
    </ClInclude>
    <ClInclude Include="Source\Utils\Values\Values.Utils.h">
      <Filter>Source\Utils</Filter>
    </ClInclude>
    <ClInclude Include="Source\UI\Widgets\UI.TableInstruction.h">
      <Filter>Source\UI\Widgets\TableInstruction</Filter>
    </ClInclude>
    <ClInclude Include="Source\UI\Theme\Theme.h">
      <Filter>Source\UI\Theme</Filter>
    </ClInclude>
    <ClInclude Include="Source\UI\Theme\interface\IThemeLoadable.h">
      <Filter>Source\UI\Theme\interface</Filter>
    </ClInclude>
    <ClInclude Include="Source\UI\Theme\ThemeManager\ThemeManager.h">
      <Filter>Source\UI\Theme\Manager</Filter>
    </ClInclude>
    <ClInclude Include="Source\UI\Theme\BaseColors\BaseColors.h">
      <Filter>Source\UI\Theme\BaseColors</Filter>
    </ClInclude>
    <ClInclude Include="Source\UI\HighlighterInstruction\I8080\I8080.HighlighterInstruction.h">
      <Filter>Source\UI\HighlighterInstruction\Intel8080</Filter>
    </ClInclude>
    <ClInclude Include="Source\UI\HighlighterInstruction\Highlighter.h">
      <Filter>Source\UI\HighlighterInstruction</Filter>
    </ClInclude>
    <ClInclude Include="Third-Person\imgui_memory_editor.h">
      <Filter>Source\UI\Widgets\HexViewer\ThirdParty</Filter>
    </ClInclude>
    <ClInclude Include="Source\UI\Widgets\I8080.UI.MnemoCodeViewerTargeted.h">
      <Filter>Source\UI\Widgets\MnemoCodeViewer%28Targeted%29</Filter>
    </ClInclude>
    <ClInclude Include="Source\Emulator\Compiler\Compiler.h">
      <Filter>Source\Emulator\Compiler</Filter>
    </ClInclude>
    <ClInclude Include="Source\Emulator\Processors\Intel8080\Compiler\I8080.Compiler.h">
      <Filter>Source\Emulator\Processor\Processors\I8080\Compiler</Filter>
    </ClInclude>
    <ClInclude Include="Source\UI\IntroManager\IntroManager.h">
      <Filter>Source\UI\IntroManager</Filter>
    </ClInclude>
  </ItemGroup>
  <ItemGroup>
    <Filter Include="Third-Party">
      <UniqueIdentifier>{fa2ef230-a13f-4c2a-afa0-72d9c293d7f0}</UniqueIdentifier>
    </Filter>
    <Filter Include="Source">
      <UniqueIdentifier>{53946465-982c-4867-8356-825b11670170}</UniqueIdentifier>
    </Filter>
    <Filter Include="Source\DataStructures">
      <UniqueIdentifier>{fcc98703-d005-4b28-b010-7179b8432b12}</UniqueIdentifier>
    </Filter>
    <Filter Include="Source\Emulator">
      <UniqueIdentifier>{ab8a108d-4336-4c40-8f67-876a10b602a4}</UniqueIdentifier>
    </Filter>
    <Filter Include="Source\Emulator\Port">
      <UniqueIdentifier>{4c9f2cae-57db-4cbc-a619-7018b6ea09cd}</UniqueIdentifier>
    </Filter>
    <Filter Include="Source\Emulator\Port\AsyncKeyboard">
      <UniqueIdentifier>{796a2af2-b2b7-4d2a-b481-da9d164dde8c}</UniqueIdentifier>
    </Filter>
    <Filter Include="Source\Emulator\Port\GeneratorRandomValues">
      <UniqueIdentifier>{1df691da-fde3-483d-a642-32ee99ce8127}</UniqueIdentifier>
    </Filter>
    <Filter Include="Source\Emulator\Port\PixelScreen">
      <UniqueIdentifier>{34bf1b77-cace-4d95-a113-9472bf8774c2}</UniqueIdentifier>
    </Filter>
    <Filter Include="Source\Emulator\Port\SymbolScreen">
      <UniqueIdentifier>{3ab298f1-33cb-4583-bba6-5cbe3fcd2bb8}</UniqueIdentifier>
    </Filter>
    <Filter Include="Source\Emulator\Port\Timer">
      <UniqueIdentifier>{cb177d81-d8cb-4772-a29a-639dc7afd7b1}</UniqueIdentifier>
    </Filter>
    <Filter Include="Source\Emulator\Port\PixelScreenTwoBuffers">
      <UniqueIdentifier>{f9b42f67-e9ef-4303-ba0e-2ee1e947b58e}</UniqueIdentifier>
    </Filter>
    <Filter Include="Source\Emulator\Port\ConsoleOutput">
      <UniqueIdentifier>{d3682c98-b11c-49f0-8751-013b78bcc846}</UniqueIdentifier>
    </Filter>
    <Filter Include="Source\Emulator\EmulationThread">
      <UniqueIdentifier>{2774dcb8-7116-4f73-acb9-e3d88c69053d}</UniqueIdentifier>
    </Filter>
    <Filter Include="Source\Emulator\Compiler">
      <UniqueIdentifier>{fc10c58b-1509-4822-929a-e266c9974857}</UniqueIdentifier>
    </Filter>
    <Filter Include="Source\ImagesData">
      <UniqueIdentifier>{46d13e7f-6f49-4336-b777-da8ba4af7495}</UniqueIdentifier>
    </Filter>
    <Filter Include="Source\ImagesData\AuthorPicture">
      <UniqueIdentifier>{66cbcc31-b6ea-4caf-bc38-2eebbc318538}</UniqueIdentifier>
    </Filter>
    <Filter Include="Source\OpenglWindow">
      <UniqueIdentifier>{b0508582-ea87-451c-936d-3f845e32bea2}</UniqueIdentifier>
    </Filter>
    <Filter Include="Source\Scene_Intro">
      <UniqueIdentifier>{3fe595c8-fbc1-407a-9d1d-3e1f968b8218}</UniqueIdentifier>
    </Filter>
    <Filter Include="Source\Scene_Intro\Shaders">
      <UniqueIdentifier>{bb476aad-3e23-4d99-9226-8bbfa607c2c3}</UniqueIdentifier>
    </Filter>
    <Filter Include="Source\Shader">
      <UniqueIdentifier>{000b3be9-1077-410d-9138-25ad92bbb339}</UniqueIdentifier>
    </Filter>
    <Filter Include="Source\Utils">
      <UniqueIdentifier>{b2ba54ae-e233-4d1e-9637-f3664b076144}</UniqueIdentifier>
    </Filter>
    <Filter Include="Source\Utils\Keyboard">
      <UniqueIdentifier>{96f62cba-a890-4371-b0cd-fa243559ba4e}</UniqueIdentifier>
    </Filter>
    <Filter Include="Source\Utils\File">
      <UniqueIdentifier>{31151a44-70b2-4e06-9c2c-728f0d9f0a65}</UniqueIdentifier>
    </Filter>
    <Filter Include="Source\Utils\ImGui">
      <UniqueIdentifier>{c8039fc2-1e46-42fc-8ac3-3f5460f22200}</UniqueIdentifier>
    </Filter>
    <Filter Include="Source\Utils\Math">
      <UniqueIdentifier>{2e387d38-bea3-4fc7-b224-b0e657ccb6be}</UniqueIdentifier>
    </Filter>
    <Filter Include="Source\Utils\Text">
      <UniqueIdentifier>{069ff76c-5a19-4c6d-803c-467c5e644125}</UniqueIdentifier>
    </Filter>
    <Filter Include="Source\Utils\Color">
      <UniqueIdentifier>{1eb44efd-1ad6-4b39-a8fd-c89f6f92e788}</UniqueIdentifier>
    </Filter>
    <Filter Include="Source\UI">
      <UniqueIdentifier>{ab7169a4-a454-461c-899a-0159977b40dd}</UniqueIdentifier>
    </Filter>
    <Filter Include="Source\UI\LastPathManager">
      <UniqueIdentifier>{366f82a6-a5c4-44f3-9a51-2b9eef61c8f8}</UniqueIdentifier>
    </Filter>
    <Filter Include="Source\UI\Setting">
      <UniqueIdentifier>{1a90502d-c4ca-40be-8512-fe4e157bf7d9}</UniqueIdentifier>
    </Filter>
    <Filter Include="Source\UI\Widget">
      <UniqueIdentifier>{7ae7d430-bffd-4fdf-85a5-114075e23fbe}</UniqueIdentifier>
    </Filter>
    <Filter Include="Source\UI\Widgets">
      <UniqueIdentifier>{e5b875bc-fac9-4bd4-9c1e-27ba51e01e4f}</UniqueIdentifier>
    </Filter>
    <Filter Include="Source\UI\Widgets\CodeEditor">
      <UniqueIdentifier>{41ed47ed-d2e0-4b15-9659-5af04132e3dd}</UniqueIdentifier>
    </Filter>
    <Filter Include="Source\UI\Widgets\CodeEditor\ThirdParty">
      <UniqueIdentifier>{20a56ff7-597d-46a8-a7e4-f1149b5a5182}</UniqueIdentifier>
    </Filter>
    <Filter Include="Source\UI\Widgets\ColorPicker">
      <UniqueIdentifier>{083a4003-95b5-4c20-970d-0c749979c502}</UniqueIdentifier>
    </Filter>
    <Filter Include="Source\UI\Widgets\ConstList">
      <UniqueIdentifier>{83e04e8a-9e16-410a-aa07-a43e5204e7f3}</UniqueIdentifier>
    </Filter>
    <Filter Include="Source\UI\Widgets\EmulatorInfo">
      <UniqueIdentifier>{d793ac92-71c1-45d5-a96d-1314b2a78117}</UniqueIdentifier>
    </Filter>
    <Filter Include="Source\UI\Widgets\Help">
      <UniqueIdentifier>{cdb7fc00-ec38-4fd6-9e8a-1ad9a149d65a}</UniqueIdentifier>
    </Filter>
    <Filter Include="Source\UI\Widgets\HexViewer">
      <UniqueIdentifier>{33748de8-c6f8-4c64-88d4-fd9963f81bd7}</UniqueIdentifier>
    </Filter>
    <Filter Include="Source\UI\Widgets\Input0x08">
      <UniqueIdentifier>{ccd8b3d9-ea93-4613-b6bd-275a1f88fa64}</UniqueIdentifier>
    </Filter>
    <Filter Include="Source\UI\Widgets\Keyboard">
      <UniqueIdentifier>{a342eb18-c355-4fe8-87d9-c9a35f8254c1}</UniqueIdentifier>
    </Filter>
    <Filter Include="Source\UI\Widgets\MarkerList">
      <UniqueIdentifier>{f84018c4-ba1c-4e05-be7d-7b374bb31be5}</UniqueIdentifier>
    </Filter>
    <Filter Include="Source\UI\Widgets\MnemoCodeViewer">
      <UniqueIdentifier>{71d215f2-e5c2-48c3-b023-57b72f3ae053}</UniqueIdentifier>
    </Filter>
    <Filter Include="Source\UI\Widgets\Output0x02">
      <UniqueIdentifier>{31b723b8-704b-47aa-82d6-4b34de4d4d2c}</UniqueIdentifier>
    </Filter>
    <Filter Include="Source\UI\Widgets\PixelScreen">
      <UniqueIdentifier>{018e633d-3eee-4ab9-b2b8-3a246138298c}</UniqueIdentifier>
    </Filter>
    <Filter Include="Source\UI\Widgets\PixelScreenTwoBuffers">
      <UniqueIdentifier>{4b46a3fe-20d4-49bd-a020-4e59ffc2a032}</UniqueIdentifier>
    </Filter>
    <Filter Include="Source\UI\Widgets\RegisterFlagsInfo">
      <UniqueIdentifier>{f20f4c90-38de-46cd-a117-a642e61b1b02}</UniqueIdentifier>
    </Filter>
    <Filter Include="Source\UI\Widgets\SymbolPicker">
      <UniqueIdentifier>{ad75a99a-718e-40ed-9aca-4a44d0150ef7}</UniqueIdentifier>
    </Filter>
    <Filter Include="Source\UI\Widgets\SymbolScreen">
      <UniqueIdentifier>{4b4606ef-3122-4fbf-bc56-13fa2bdc8e7d}</UniqueIdentifier>
    </Filter>
    <Filter Include="Source\UI\Widgets\Timer">
      <UniqueIdentifier>{b230b601-b507-4251-a836-06d70650dacd}</UniqueIdentifier>
    </Filter>
    <Filter Include="Source\UI\Widgets\VarList">
      <UniqueIdentifier>{1fb0e06c-2a67-4da3-89cb-df9eecc69944}</UniqueIdentifier>
    </Filter>
    <Filter Include="Source\UI\Workspaces">
      <UniqueIdentifier>{e7667e5d-9db7-4abc-903e-c47742461f58}</UniqueIdentifier>
    </Filter>
    <Filter Include="Source\UI\Notification">
      <UniqueIdentifier>{8974f234-bcf2-440b-8b25-94a7fde21313}</UniqueIdentifier>
    </Filter>
    <Filter Include="Source\UI\Notification\Elements">
      <UniqueIdentifier>{7854aa1b-2c92-4db0-92b4-61c3f200e01f}</UniqueIdentifier>
    </Filter>
    <Filter Include="Source\UI\Notification\Elements\interface">
      <UniqueIdentifier>{afc3e04f-275e-4548-b73c-c0ca8ddd5f79}</UniqueIdentifier>
    </Filter>
    <Filter Include="Source\UI\Notification\Elements\Message">
      <UniqueIdentifier>{963d3731-c906-42d3-a7d9-94058bad7645}</UniqueIdentifier>
    </Filter>
    <Filter Include="Source\UI\Notification\Elements\Progress">
      <UniqueIdentifier>{2801e854-5b14-43bb-9370-37d0c0b61add}</UniqueIdentifier>
    </Filter>
    <Filter Include="Source\UI\Theme">
      <UniqueIdentifier>{55ffc657-a087-4b8c-b06b-d7e6a5ce627c}</UniqueIdentifier>
    </Filter>
    <Filter Include="Source\UI\SaveSystem">
      <UniqueIdentifier>{8adebe47-3a53-4f58-ba48-477d33f4da7e}</UniqueIdentifier>
    </Filter>
    <Filter Include="Source\UI\SaveSystem\DefaultSave">
      <UniqueIdentifier>{1a443a6a-cbcf-4d3d-8ff0-b8f924f9ac67}</UniqueIdentifier>
    </Filter>
    <Filter Include="Source\UI\KeyCombination">
      <UniqueIdentifier>{36530921-2855-4e30-990f-0b88f9391c98}</UniqueIdentifier>
    </Filter>
    <Filter Include="Source\UI\ProjectManager">
      <UniqueIdentifier>{a1945532-9d64-4e04-bace-e1a42b8b443c}</UniqueIdentifier>
    </Filter>
    <Filter Include="Source\UI\FontManager">
      <UniqueIdentifier>{e23f3c73-6bf0-438d-9a82-12f2066112e3}</UniqueIdentifier>
    </Filter>
    <Filter Include="Source\UI\WindowManager">
      <UniqueIdentifier>{03fbc963-ace3-4e95-b259-3a68a1cafbf2}</UniqueIdentifier>
    </Filter>
    <Filter Include="Source\UI\AuthorPopup">
      <UniqueIdentifier>{c5e5a52e-234e-4d7e-99b8-895f824e719b}</UniqueIdentifier>
    </Filter>
    <Filter Include="Source\FontsData">
      <UniqueIdentifier>{ca3d4caf-cb5b-4785-9e0a-6296520b4583}</UniqueIdentifier>
    </Filter>
    <Filter Include="Source\Emulator\HistoryObjects">
      <UniqueIdentifier>{9f36071f-3ab0-4c07-adf8-c8d509b4937f}</UniqueIdentifier>
    </Filter>
    <Filter Include="Source\Emulator\EmulationControls">
      <UniqueIdentifier>{cfb4ad2d-c6c4-4e36-84db-42ac8f973a9e}</UniqueIdentifier>
    </Filter>
    <Filter Include="Source\Emulator\Processor">
      <UniqueIdentifier>{f55f0201-ea04-4eb9-b0be-9195aa5fd6e3}</UniqueIdentifier>
    </Filter>
    <Filter Include="Source\Emulator\Processor\Processors">
      <UniqueIdentifier>{a9d90c25-bc6e-4366-afe7-bf16f2c592b2}</UniqueIdentifier>
    </Filter>
    <Filter Include="Source\Emulator\Processor\Processors\I8086">
      <UniqueIdentifier>{c4540424-ad95-41df-ab98-37826743536e}</UniqueIdentifier>
    </Filter>
    <Filter Include="Source\Emulator\Processor\Processors\I4004">
      <UniqueIdentifier>{165cdad6-848e-4bc1-a5d8-93467197f919}</UniqueIdentifier>
    </Filter>
    <Filter Include="Source\Emulator\Processor\Processors\I8008">
      <UniqueIdentifier>{c8b8021c-e174-4d7f-8d74-10b5488ea1c2}</UniqueIdentifier>
    </Filter>
    <Filter Include="Source\Emulator\Processor\Processors\I8080">
      <UniqueIdentifier>{d9841b55-1888-4712-9adc-c322ee0193ca}</UniqueIdentifier>
    </Filter>
    <Filter Include="Source\Emulator\Processor\Processors\I8080\Disassembler">
      <UniqueIdentifier>{9477a928-5640-4941-8df2-1ddfabc2c0ab}</UniqueIdentifier>
    </Filter>
    <Filter Include="Source\Emulator\Processor\Processors\I8080\History">
      <UniqueIdentifier>{3440f25a-5378-4dad-bfcc-a03d23f15dcf}</UniqueIdentifier>
    </Filter>
    <Filter Include="Source\Emulator\Processor\Processors\I8080\History\Momento">
      <UniqueIdentifier>{a13705d3-3e8c-43a4-8fa1-33fba74bea74}</UniqueIdentifier>
    </Filter>
    <Filter Include="Source\Emulator\Processor\Processors\I8080\History\Caretaker">
      <UniqueIdentifier>{e22351cf-2891-4e87-9fc9-1f12071bac51}</UniqueIdentifier>
    </Filter>
    <Filter Include="Source\Emulator\Processor\Processors\I8085">
      <UniqueIdentifier>{3d6df8b3-8fc5-465f-b52b-90f1a83e8c64}</UniqueIdentifier>
    </Filter>
    <Filter Include="Source\UI\Widgets\HistoryInstruction">
      <UniqueIdentifier>{a188a01a-3299-46a9-9289-ab6dc80f91eb}</UniqueIdentifier>
    </Filter>
    <Filter Include="Source\Emulator\Port\AsyncKeyboard\Momento">
      <UniqueIdentifier>{71ac3363-2cae-4641-a997-3ce9d0649590}</UniqueIdentifier>
    </Filter>
    <Filter Include="Source\Emulator\Port\ConsoleOutput\Momento">
      <UniqueIdentifier>{c3851bf9-1054-41b0-8536-76129893881f}</UniqueIdentifier>
    </Filter>
    <Filter Include="Source\Emulator\Port\GeneratorRandomValues\Momento">
      <UniqueIdentifier>{3e072554-620c-41c7-b845-0a52998a5f2f}</UniqueIdentifier>
    </Filter>
    <Filter Include="Source\Emulator\Port\PixelScreen\Momento">
      <UniqueIdentifier>{bb41f273-44b6-41ed-974e-2dfd8eaaff56}</UniqueIdentifier>
    </Filter>
    <Filter Include="Source\Emulator\Port\PixelScreenTwoBuffers\Momento">
      <UniqueIdentifier>{dccf4cba-8858-48dc-8a5d-646d54c8e473}</UniqueIdentifier>
    </Filter>
    <Filter Include="Source\Emulator\Port\SymbolScreen\Momento">
      <UniqueIdentifier>{4f033b23-4ac1-48bc-a156-a84ac773d9cc}</UniqueIdentifier>
    </Filter>
    <Filter Include="Source\Emulator\Port\Timer\Momento">
      <UniqueIdentifier>{79c47ad0-8d27-4055-ada1-14af884919e0}</UniqueIdentifier>
    </Filter>
    <Filter Include="Source\Emulator\Processor\Processors\I8080\InfoInstruction">
      <UniqueIdentifier>{9919ecd1-ce9c-49d1-9426-d931b983174f}</UniqueIdentifier>
    </Filter>
    <Filter Include="Source\UI\Widgets\TableInstruction">
      <UniqueIdentifier>{8a545d6b-0a46-4f24-9cbf-659ac13ae15f}</UniqueIdentifier>
    </Filter>
    <Filter Include="Source\UI\Theme\interface">
      <UniqueIdentifier>{8208901d-cc3f-4578-97c5-d2712e492738}</UniqueIdentifier>
    </Filter>
    <Filter Include="Source\UI\Theme\Manager">
      <UniqueIdentifier>{30c4ca29-a36e-4217-ab07-da3ab14c63f0}</UniqueIdentifier>
    </Filter>
    <Filter Include="Source\UI\Theme\BaseColors">
      <UniqueIdentifier>{25184115-848a-44e8-95d8-e61939acd3e5}</UniqueIdentifier>
    </Filter>
    <Filter Include="Source\UI\HighlighterInstruction">
      <UniqueIdentifier>{edda3b12-da47-4fed-bc4b-2a01b3286e3b}</UniqueIdentifier>
    </Filter>
    <Filter Include="Source\UI\HighlighterInstruction\Intel8080">
      <UniqueIdentifier>{dfc228ce-eb42-412c-a8f7-76604c93c62d}</UniqueIdentifier>
    </Filter>
    <Filter Include="Source\UI\Widgets\HexViewer\ThirdParty">
      <UniqueIdentifier>{8d8cb06b-0b1a-4dd7-a475-0943c6d59172}</UniqueIdentifier>
    </Filter>
    <Filter Include="Source\UI\Widgets\MnemoCodeViewer%28Targeted%29">
      <UniqueIdentifier>{77908b6b-3a95-4986-a192-1791e2faf4ba}</UniqueIdentifier>
    </Filter>
    <Filter Include="Source\UI\Widgets\Заброшено">
      <UniqueIdentifier>{d146f56d-970c-43f1-8b83-02becf65df52}</UniqueIdentifier>
    </Filter>
    <Filter Include="Source\UI\Widgets\Заброшено\MemoryMonoPixelScreen %28Забросил%29">
      <UniqueIdentifier>{c1096c14-603d-445b-b5b3-f7866b9a2e50}</UniqueIdentifier>
    </Filter>
    <Filter Include="Source\UI\Widgets\Заброшено\ListInstruction %28Забросил%29">
      <UniqueIdentifier>{396d0ca3-6c28-4e56-8b4a-114513411423}</UniqueIdentifier>
    </Filter>
    <Filter Include="Source\UI\Widgets\Заброшено\Disassembler %28Забросил%29">
      <UniqueIdentifier>{3821c53e-42c9-497d-ad43-8b0dd106b288}</UniqueIdentifier>
    </Filter>
    <Filter Include="Source\Emulator\Processor\Processors\I8080\Compiler">
      <UniqueIdentifier>{f4a52967-a168-457f-a69e-63380c132fb7}</UniqueIdentifier>
    </Filter>
    <Filter Include="Source\UI\IntroManager">
      <UniqueIdentifier>{f5b644a4-fb47-4fa5-8b6d-4ae810fa0ace}</UniqueIdentifier>
    </Filter>
  </ItemGroup>
  <ItemGroup>
    <ResourceCompile Include="I8080_Emulator.rc">
      <Filter>Third-Party</Filter>
    </ResourceCompile>
  </ItemGroup>
  <ItemGroup>
    <Image Include="logo512_otd_icon512.ico">
      <Filter>Third-Party</Filter>
    </Image>
  </ItemGroup>
  <ItemGroup>
    <CopyFileToFolders Include="Help.data" />
  </ItemGroup>
</Project>